// !$*UTF8*$!
{
	archiveVersion = 1;
	classes = {
	};
	objectVersion = 46;
	objects = {

/* Begin PBXBuildFile section */
		272714081C9BC928000BB800 /* main.m in Sources */ = {isa = PBXBuildFile; fileRef = 272714071C9BC928000BB800 /* main.m */; };
		2727140B1C9BC928000BB800 /* AppDelegate.m in Sources */ = {isa = PBXBuildFile; fileRef = 2727140A1C9BC928000BB800 /* AppDelegate.m */; };
		272714111C9BC928000BB800 /* Main.storyboard in Resources */ = {isa = PBXBuildFile; fileRef = 2727140F1C9BC928000BB800 /* Main.storyboard */; };
		272714131C9BC928000BB800 /* Assets.xcassets in Resources */ = {isa = PBXBuildFile; fileRef = 272714121C9BC928000BB800 /* Assets.xcassets */; };
		272714161C9BC928000BB800 /* LaunchScreen.storyboard in Resources */ = {isa = PBXBuildFile; fileRef = 272714141C9BC928000BB800 /* LaunchScreen.storyboard */; };
		B741E2DC7D014FCE40A313A7 /* Pods_DrawerDemo.framework in Frameworks */ = {isa = PBXBuildFile; fileRef = 6CFA99C3C9AF947D9CFF8A81 /* Pods_DrawerDemo.framework */; };
		DA011AD41D80F66200B14019 /* AppearanceManager.m in Sources */ = {isa = PBXBuildFile; fileRef = DA011AD31D80F66200B14019 /* AppearanceManager.m */; };
		DA011AD71D80FA2500B14019 /* UIButton+Add.m in Sources */ = {isa = PBXBuildFile; fileRef = DA011AD61D80FA2500B14019 /* UIButton+Add.m */; };
		DA0A86D01D5B16F200861301 /* UITextField+Add.m in Sources */ = {isa = PBXBuildFile; fileRef = DA0A86CA1D5B16F200861301 /* UITextField+Add.m */; };
		DA0A86D11D5B16F200861301 /* Dimension.m in Sources */ = {isa = PBXBuildFile; fileRef = DA0A86CD1D5B16F200861301 /* Dimension.m */; };
		DA0A86DF1D5B176400861301 /* AutoViewController.m in Sources */ = {isa = PBXBuildFile; fileRef = DA0A86D41D5B176400861301 /* AutoViewController.m */; };
		DA0A86E01D5B176400861301 /* BaseViewController.m in Sources */ = {isa = PBXBuildFile; fileRef = DA0A86D61D5B176400861301 /* BaseViewController.m */; };
		DA0A86E11D5B176400861301 /* HPViewController.m in Sources */ = {isa = PBXBuildFile; fileRef = DA0A86D81D5B176400861301 /* HPViewController.m */; };
		DA0A86E21D5B176400861301 /* LeftViewController.m in Sources */ = {isa = PBXBuildFile; fileRef = DA0A86DA1D5B176400861301 /* LeftViewController.m */; };
		DA0A86E31D5B176400861301 /* MMExampleDrawerVisualStateManager.m in Sources */ = {isa = PBXBuildFile; fileRef = DA0A86DC1D5B176400861301 /* MMExampleDrawerVisualStateManager.m */; };
		DA0A86E41D5B176400861301 /* MMNavigationController.m in Sources */ = {isa = PBXBuildFile; fileRef = DA0A86DE1D5B176400861301 /* MMNavigationController.m */; };
		DA0C97EB1D59D3C300C78DD5 /* Language.strings in Resources */ = {isa = PBXBuildFile; fileRef = DA0C97ED1D59D3C300C78DD5 /* Language.strings */; };
		DA39B91D1D76688300C85679 /* CAPSPageMenu.m in Sources */ = {isa = PBXBuildFile; fileRef = DA39B91C1D76688300C85679 /* CAPSPageMenu.m */; };
		DA39B9201D78101E00C85679 /* Gate.m in Sources */ = {isa = PBXBuildFile; fileRef = DA39B91F1D78101E00C85679 /* Gate.m */; };
		DA39B9261D7818EB00C85679 /* GateSettingViewController.m in Sources */ = {isa = PBXBuildFile; fileRef = DA39B9251D7818EB00C85679 /* GateSettingViewController.m */; };
		DA39B9291D78199E00C85679 /* Utils.m in Sources */ = {isa = PBXBuildFile; fileRef = DA39B9281D78199E00C85679 /* Utils.m */; };
		DAA0F54C1D891B7A004BDA39 /* DemoBaseViewController.m in Sources */ = {isa = PBXBuildFile; fileRef = DAA0F5431D891B7A004BDA39 /* DemoBaseViewController.m */; };
		DAA0F54D1D891B7A004BDA39 /* RealmDemoBaseViewController.m in Sources */ = {isa = PBXBuildFile; fileRef = DAA0F5451D891B7A004BDA39 /* RealmDemoBaseViewController.m */; };
		DAA0F54E1D891B7A004BDA39 /* RealmDemoData.m in Sources */ = {isa = PBXBuildFile; fileRef = DAA0F5471D891B7A004BDA39 /* RealmDemoData.m */; };
		DAA0F54F1D891B7A004BDA39 /* RealmFloat.m in Sources */ = {isa = PBXBuildFile; fileRef = DAA0F5491D891B7A004BDA39 /* RealmFloat.m */; };
		DAA0F5501D891B7A004BDA39 /* Score.m in Sources */ = {isa = PBXBuildFile; fileRef = DAA0F54B1D891B7A004BDA39 /* Score.m */; };
		DAA0F5531D89411F004BDA39 /* EnlargeEdgeButton.m in Sources */ = {isa = PBXBuildFile; fileRef = DAA0F5521D89411F004BDA39 /* EnlargeEdgeButton.m */; };
		DAA0F5551D8949CC004BDA39 /* servo.db in Resources */ = {isa = PBXBuildFile; fileRef = DAA0F5541D8949CC004BDA39 /* servo.db */; };
		DAA0F5581D894AB8004BDA39 /* DataBaseManager.m in Sources */ = {isa = PBXBuildFile; fileRef = DAA0F5571D894AB8004BDA39 /* DataBaseManager.m */; };
		DAA0F55B1D894B9E004BDA39 /* Step.m in Sources */ = {isa = PBXBuildFile; fileRef = DAA0F55A1D894B9E004BDA39 /* Step.m */; };
		DABD4ACA1D7E63D700AD7CC3 /* Documentation.html in Resources */ = {isa = PBXBuildFile; fileRef = DABD4AA91D7E63D700AD7CC3 /* Documentation.html */; };
		DABD4ACB1D7E63D700AD7CC3 /* GCDAsyncSocket.m in Sources */ = {isa = PBXBuildFile; fileRef = DABD4AAB1D7E63D700AD7CC3 /* GCDAsyncSocket.m */; };
		DABD4ACC1D7E63D700AD7CC3 /* GCDAsyncUdpSocket.m in Sources */ = {isa = PBXBuildFile; fileRef = DABD4AAD1D7E63D700AD7CC3 /* GCDAsyncUdpSocket.m */; };
		DABD4ACD1D7E63D700AD7CC3 /* Info.plist in Resources */ = {isa = PBXBuildFile; fileRef = DABD4AAE1D7E63D700AD7CC3 /* Info.plist */; };
		DABD4ACE1D7E63D700AD7CC3 /* AsyncSocket.m in Sources */ = {isa = PBXBuildFile; fileRef = DABD4AB11D7E63D700AD7CC3 /* AsyncSocket.m */; };
		DABD4ACF1D7E63D700AD7CC3 /* AsyncUdpSocket.m in Sources */ = {isa = PBXBuildFile; fileRef = DABD4AB31D7E63D700AD7CC3 /* AsyncUdpSocket.m */; };
		DABD4AD01D7E63D700AD7CC3 /* Documentation.html in Resources */ = {isa = PBXBuildFile; fileRef = DABD4AB41D7E63D700AD7CC3 /* Documentation.html */; };
		DABD4AD11D7E63D700AD7CC3 /* DDAbstractDatabaseLogger.m in Sources */ = {isa = PBXBuildFile; fileRef = DABD4AB81D7E63D700AD7CC3 /* DDAbstractDatabaseLogger.m */; };
		DABD4AD21D7E63D700AD7CC3 /* DDASLLogger.m in Sources */ = {isa = PBXBuildFile; fileRef = DABD4ABA1D7E63D700AD7CC3 /* DDASLLogger.m */; };
		DABD4AD31D7E63D700AD7CC3 /* DDFileLogger.m in Sources */ = {isa = PBXBuildFile; fileRef = DABD4ABC1D7E63D700AD7CC3 /* DDFileLogger.m */; };
		DABD4AD41D7E63D700AD7CC3 /* DDLog.m in Sources */ = {isa = PBXBuildFile; fileRef = DABD4ABF1D7E63D700AD7CC3 /* DDLog.m */; };
		DABD4AD51D7E63D700AD7CC3 /* DDTTYLogger.m in Sources */ = {isa = PBXBuildFile; fileRef = DABD4AC11D7E63D700AD7CC3 /* DDTTYLogger.m */; };
		DABD4AD61D7E63D700AD7CC3 /* DDContextFilterLogFormatter.m in Sources */ = {isa = PBXBuildFile; fileRef = DABD4AC41D7E63D700AD7CC3 /* DDContextFilterLogFormatter.m */; };
		DABD4AD71D7E63D700AD7CC3 /* DDDispatchQueueLogFormatter.m in Sources */ = {isa = PBXBuildFile; fileRef = DABD4AC61D7E63D700AD7CC3 /* DDDispatchQueueLogFormatter.m */; };
		DABD4AD81D7E63D700AD7CC3 /* DDMultiFormatter.m in Sources */ = {isa = PBXBuildFile; fileRef = DABD4AC81D7E63D700AD7CC3 /* DDMultiFormatter.m */; };
		DABD4AD91D7E63D700AD7CC3 /* README.txt in Resources */ = {isa = PBXBuildFile; fileRef = DABD4AC91D7E63D700AD7CC3 /* README.txt */; };
		DABD4ADC1D7E63E200AD7CC3 /* SocketManager.m in Sources */ = {isa = PBXBuildFile; fileRef = DABD4ADB1D7E63E200AD7CC3 /* SocketManager.m */; };
		DABD4ADF1D7E651100AD7CC3 /* LoginViewController.m in Sources */ = {isa = PBXBuildFile; fileRef = DABD4ADE1D7E651100AD7CC3 /* LoginViewController.m */; };
		DABD4AE51D7E755E00AD7CC3 /* SocketModel.m in Sources */ = {isa = PBXBuildFile; fileRef = DABD4AE41D7E755E00AD7CC3 /* SocketModel.m */; };
		DADEA6301D890EAE00C92E8B /* CurveViewController.m in Sources */ = {isa = PBXBuildFile; fileRef = DADEA62F1D890EAE00C92E8B /* CurveViewController.m */; };
		DADEA6371D89149100C92E8B /* Charts.framework in Frameworks */ = {isa = PBXBuildFile; fileRef = DADEA6341D89149100C92E8B /* Charts.framework */; };
		DADEA6381D89149100C92E8B /* Realm.framework in Frameworks */ = {isa = PBXBuildFile; fileRef = DADEA6351D89149100C92E8B /* Realm.framework */; };
		DADEA6391D89149100C92E8B /* RealmSwift.framework in Frameworks */ = {isa = PBXBuildFile; fileRef = DADEA6361D89149100C92E8B /* RealmSwift.framework */; };
		DADEA6441D891A3700C92E8B /* Charts.framework in Embedded Binaries */ = {isa = PBXBuildFile; fileRef = DADEA6411D891A3700C92E8B /* Charts.framework */; settings = {ATTRIBUTES = (CodeSignOnCopy, RemoveHeadersOnCopy, ); }; };
		DADEA6451D891A3700C92E8B /* Realm.framework in Embedded Binaries */ = {isa = PBXBuildFile; fileRef = DADEA6421D891A3700C92E8B /* Realm.framework */; settings = {ATTRIBUTES = (CodeSignOnCopy, RemoveHeadersOnCopy, ); }; };
		DADEA6461D891A3700C92E8B /* RealmSwift.framework in Embedded Binaries */ = {isa = PBXBuildFile; fileRef = DADEA6431D891A3700C92E8B /* RealmSwift.framework */; settings = {ATTRIBUTES = (CodeSignOnCopy, RemoveHeadersOnCopy, ); }; };
		DAECADA91D758876006F828C /* GateConfigViewController.m in Sources */ = {isa = PBXBuildFile; fileRef = DAECADA81D758876006F828C /* GateConfigViewController.m */; };
		DAF1E0861D8136DD0093FCEA /* GateParamViewController.m in Sources */ = {isa = PBXBuildFile; fileRef = DAF1E0851D8136DD0093FCEA /* GateParamViewController.m */; };
		DAF1E0891D814EDD0093FCEA /* SVProgressHUD+Add.m in Sources */ = {isa = PBXBuildFile; fileRef = DAF1E0881D814EDD0093FCEA /* SVProgressHUD+Add.m */; };
		DAF1E08D1D815D610093FCEA /* PopListView.m in Sources */ = {isa = PBXBuildFile; fileRef = DAF1E08C1D815D610093FCEA /* PopListView.m */; };
		DAF1E08F1D815D760093FCEA /* PopListView.xib in Resources */ = {isa = PBXBuildFile; fileRef = DAF1E08E1D815D760093FCEA /* PopListView.xib */; };
/* End PBXBuildFile section */

/* Begin PBXCopyFilesBuildPhase section */
		DADEA63A1D89153D00C92E8B /* Embedded Binaries */ = {
			isa = PBXCopyFilesBuildPhase;
			buildActionMask = 2147483647;
			dstPath = "";
			dstSubfolderSpec = 10;
			files = (
				DADEA6441D891A3700C92E8B /* Charts.framework in Embedded Binaries */,
				DADEA6451D891A3700C92E8B /* Realm.framework in Embedded Binaries */,
				DADEA6461D891A3700C92E8B /* RealmSwift.framework in Embedded Binaries */,
			);
			name = "Embedded Binaries";
			runOnlyForDeploymentPostprocessing = 0;
		};
/* End PBXCopyFilesBuildPhase section */

/* Begin PBXFileReference section */
		272714031C9BC928000BB800 /* 电动缸.app */ = {isa = PBXFileReference; explicitFileType = wrapper.application; includeInIndex = 0; path = "电动缸.app"; sourceTree = BUILT_PRODUCTS_DIR; };
		272714071C9BC928000BB800 /* main.m */ = {isa = PBXFileReference; lastKnownFileType = sourcecode.c.objc; path = main.m; sourceTree = "<group>"; };
		272714091C9BC928000BB800 /* AppDelegate.h */ = {isa = PBXFileReference; lastKnownFileType = sourcecode.c.h; path = AppDelegate.h; sourceTree = "<group>"; };
		2727140A1C9BC928000BB800 /* AppDelegate.m */ = {isa = PBXFileReference; lastKnownFileType = sourcecode.c.objc; path = AppDelegate.m; sourceTree = "<group>"; };
		272714101C9BC928000BB800 /* Base */ = {isa = PBXFileReference; lastKnownFileType = file.storyboard; name = Base; path = Base.lproj/Main.storyboard; sourceTree = "<group>"; };
		272714121C9BC928000BB800 /* Assets.xcassets */ = {isa = PBXFileReference; lastKnownFileType = folder.assetcatalog; path = Assets.xcassets; sourceTree = "<group>"; };
		272714151C9BC928000BB800 /* Base */ = {isa = PBXFileReference; lastKnownFileType = file.storyboard; name = Base; path = Base.lproj/LaunchScreen.storyboard; sourceTree = "<group>"; };
		272714171C9BC928000BB800 /* Info.plist */ = {isa = PBXFileReference; lastKnownFileType = text.plist.xml; path = Info.plist; sourceTree = "<group>"; };
		2FC123A5CE6952EECF7CDC7F /* Pods-DrawerDemo.release.xcconfig */ = {isa = PBXFileReference; includeInIndex = 1; lastKnownFileType = text.xcconfig; name = "Pods-DrawerDemo.release.xcconfig"; path = "Pods/Target Support Files/Pods-DrawerDemo/Pods-DrawerDemo.release.xcconfig"; sourceTree = "<group>"; };
		6CFA99C3C9AF947D9CFF8A81 /* Pods_DrawerDemo.framework */ = {isa = PBXFileReference; explicitFileType = wrapper.framework; includeInIndex = 0; path = Pods_DrawerDemo.framework; sourceTree = BUILT_PRODUCTS_DIR; };
		8976BF2848E8CDAABE03880A /* Pods-DrawerDemo.debug.xcconfig */ = {isa = PBXFileReference; includeInIndex = 1; lastKnownFileType = text.xcconfig; name = "Pods-DrawerDemo.debug.xcconfig"; path = "Pods/Target Support Files/Pods-DrawerDemo/Pods-DrawerDemo.debug.xcconfig"; sourceTree = "<group>"; };
		DA011AD21D80F66200B14019 /* AppearanceManager.h */ = {isa = PBXFileReference; fileEncoding = 4; lastKnownFileType = sourcecode.c.h; path = AppearanceManager.h; sourceTree = "<group>"; };
		DA011AD31D80F66200B14019 /* AppearanceManager.m */ = {isa = PBXFileReference; fileEncoding = 4; lastKnownFileType = sourcecode.c.objc; path = AppearanceManager.m; sourceTree = "<group>"; };
		DA011AD51D80FA2500B14019 /* UIButton+Add.h */ = {isa = PBXFileReference; fileEncoding = 4; lastKnownFileType = sourcecode.c.h; path = "UIButton+Add.h"; sourceTree = "<group>"; };
		DA011AD61D80FA2500B14019 /* UIButton+Add.m */ = {isa = PBXFileReference; fileEncoding = 4; lastKnownFileType = sourcecode.c.objc; path = "UIButton+Add.m"; sourceTree = "<group>"; };
		DA0A86C91D5B16F200861301 /* UITextField+Add.h */ = {isa = PBXFileReference; fileEncoding = 4; lastKnownFileType = sourcecode.c.h; path = "UITextField+Add.h"; sourceTree = "<group>"; };
		DA0A86CA1D5B16F200861301 /* UITextField+Add.m */ = {isa = PBXFileReference; fileEncoding = 4; lastKnownFileType = sourcecode.c.objc; path = "UITextField+Add.m"; sourceTree = "<group>"; };
		DA0A86CC1D5B16F200861301 /* Dimension.h */ = {isa = PBXFileReference; fileEncoding = 4; lastKnownFileType = sourcecode.c.h; path = Dimension.h; sourceTree = "<group>"; };
		DA0A86CD1D5B16F200861301 /* Dimension.m */ = {isa = PBXFileReference; fileEncoding = 4; lastKnownFileType = sourcecode.c.objc; path = Dimension.m; sourceTree = "<group>"; };
		DA0A86CF1D5B16F200861301 /* Define.h */ = {isa = PBXFileReference; fileEncoding = 4; lastKnownFileType = sourcecode.c.h; path = Define.h; sourceTree = "<group>"; };
		DA0A86D31D5B176400861301 /* AutoViewController.h */ = {isa = PBXFileReference; fileEncoding = 4; lastKnownFileType = sourcecode.c.h; path = AutoViewController.h; sourceTree = "<group>"; };
		DA0A86D41D5B176400861301 /* AutoViewController.m */ = {isa = PBXFileReference; fileEncoding = 4; lastKnownFileType = sourcecode.c.objc; path = AutoViewController.m; sourceTree = "<group>"; };
		DA0A86D51D5B176400861301 /* BaseViewController.h */ = {isa = PBXFileReference; fileEncoding = 4; lastKnownFileType = sourcecode.c.h; path = BaseViewController.h; sourceTree = "<group>"; };
		DA0A86D61D5B176400861301 /* BaseViewController.m */ = {isa = PBXFileReference; fileEncoding = 4; lastKnownFileType = sourcecode.c.objc; path = BaseViewController.m; sourceTree = "<group>"; };
		DA0A86D71D5B176400861301 /* HPViewController.h */ = {isa = PBXFileReference; fileEncoding = 4; lastKnownFileType = sourcecode.c.h; path = HPViewController.h; sourceTree = "<group>"; };
		DA0A86D81D5B176400861301 /* HPViewController.m */ = {isa = PBXFileReference; fileEncoding = 4; lastKnownFileType = sourcecode.c.objc; path = HPViewController.m; sourceTree = "<group>"; };
		DA0A86D91D5B176400861301 /* LeftViewController.h */ = {isa = PBXFileReference; fileEncoding = 4; lastKnownFileType = sourcecode.c.h; path = LeftViewController.h; sourceTree = "<group>"; };
		DA0A86DA1D5B176400861301 /* LeftViewController.m */ = {isa = PBXFileReference; fileEncoding = 4; lastKnownFileType = sourcecode.c.objc; path = LeftViewController.m; sourceTree = "<group>"; };
		DA0A86DB1D5B176400861301 /* MMExampleDrawerVisualStateManager.h */ = {isa = PBXFileReference; fileEncoding = 4; lastKnownFileType = sourcecode.c.h; path = MMExampleDrawerVisualStateManager.h; sourceTree = "<group>"; };
		DA0A86DC1D5B176400861301 /* MMExampleDrawerVisualStateManager.m */ = {isa = PBXFileReference; fileEncoding = 4; lastKnownFileType = sourcecode.c.objc; path = MMExampleDrawerVisualStateManager.m; sourceTree = "<group>"; };
		DA0A86DD1D5B176400861301 /* MMNavigationController.h */ = {isa = PBXFileReference; fileEncoding = 4; lastKnownFileType = sourcecode.c.h; path = MMNavigationController.h; sourceTree = "<group>"; };
		DA0A86DE1D5B176400861301 /* MMNavigationController.m */ = {isa = PBXFileReference; fileEncoding = 4; lastKnownFileType = sourcecode.c.objc; path = MMNavigationController.m; sourceTree = "<group>"; };
		DA0C97DF1D59B1DE00C78DD5 /* PrefixHeader.pch */ = {isa = PBXFileReference; lastKnownFileType = sourcecode.c.h; path = PrefixHeader.pch; sourceTree = "<group>"; };
		DA0C97EC1D59D3C300C78DD5 /* zh-Hans */ = {isa = PBXFileReference; lastKnownFileType = text.plist.strings; name = "zh-Hans"; path = "zh-Hans.lproj/Language.strings"; sourceTree = "<group>"; };
		DA0C97EE1D59D3C500C78DD5 /* en */ = {isa = PBXFileReference; lastKnownFileType = text.plist.strings; name = en; path = en.lproj/Language.strings; sourceTree = "<group>"; };
		DA39B91B1D76688300C85679 /* CAPSPageMenu.h */ = {isa = PBXFileReference; fileEncoding = 4; lastKnownFileType = sourcecode.c.h; path = CAPSPageMenu.h; sourceTree = "<group>"; };
		DA39B91C1D76688300C85679 /* CAPSPageMenu.m */ = {isa = PBXFileReference; fileEncoding = 4; lastKnownFileType = sourcecode.c.objc; path = CAPSPageMenu.m; sourceTree = "<group>"; };
		DA39B91E1D78101E00C85679 /* Gate.h */ = {isa = PBXFileReference; fileEncoding = 4; lastKnownFileType = sourcecode.c.h; path = Gate.h; sourceTree = "<group>"; };
		DA39B91F1D78101E00C85679 /* Gate.m */ = {isa = PBXFileReference; fileEncoding = 4; lastKnownFileType = sourcecode.c.objc; path = Gate.m; sourceTree = "<group>"; };
		DA39B9241D7818EB00C85679 /* GateSettingViewController.h */ = {isa = PBXFileReference; fileEncoding = 4; lastKnownFileType = sourcecode.c.h; path = GateSettingViewController.h; sourceTree = "<group>"; };
		DA39B9251D7818EB00C85679 /* GateSettingViewController.m */ = {isa = PBXFileReference; fileEncoding = 4; lastKnownFileType = sourcecode.c.objc; path = GateSettingViewController.m; sourceTree = "<group>"; };
		DA39B9271D78199E00C85679 /* Utils.h */ = {isa = PBXFileReference; fileEncoding = 4; lastKnownFileType = sourcecode.c.h; path = Utils.h; sourceTree = "<group>"; };
		DA39B9281D78199E00C85679 /* Utils.m */ = {isa = PBXFileReference; fileEncoding = 4; lastKnownFileType = sourcecode.c.objc; path = Utils.m; sourceTree = "<group>"; };
		DAA0F5421D891B7A004BDA39 /* DemoBaseViewController.h */ = {isa = PBXFileReference; fileEncoding = 4; lastKnownFileType = sourcecode.c.h; path = DemoBaseViewController.h; sourceTree = "<group>"; };
		DAA0F5431D891B7A004BDA39 /* DemoBaseViewController.m */ = {isa = PBXFileReference; fileEncoding = 4; lastKnownFileType = sourcecode.c.objc; path = DemoBaseViewController.m; sourceTree = "<group>"; };
		DAA0F5441D891B7A004BDA39 /* RealmDemoBaseViewController.h */ = {isa = PBXFileReference; fileEncoding = 4; lastKnownFileType = sourcecode.c.h; path = RealmDemoBaseViewController.h; sourceTree = "<group>"; };
		DAA0F5451D891B7A004BDA39 /* RealmDemoBaseViewController.m */ = {isa = PBXFileReference; fileEncoding = 4; lastKnownFileType = sourcecode.c.objc; path = RealmDemoBaseViewController.m; sourceTree = "<group>"; };
		DAA0F5461D891B7A004BDA39 /* RealmDemoData.h */ = {isa = PBXFileReference; fileEncoding = 4; lastKnownFileType = sourcecode.c.h; path = RealmDemoData.h; sourceTree = "<group>"; };
		DAA0F5471D891B7A004BDA39 /* RealmDemoData.m */ = {isa = PBXFileReference; fileEncoding = 4; lastKnownFileType = sourcecode.c.objc; path = RealmDemoData.m; sourceTree = "<group>"; };
		DAA0F5481D891B7A004BDA39 /* RealmFloat.h */ = {isa = PBXFileReference; fileEncoding = 4; lastKnownFileType = sourcecode.c.h; path = RealmFloat.h; sourceTree = "<group>"; };
		DAA0F5491D891B7A004BDA39 /* RealmFloat.m */ = {isa = PBXFileReference; fileEncoding = 4; lastKnownFileType = sourcecode.c.objc; path = RealmFloat.m; sourceTree = "<group>"; };
		DAA0F54A1D891B7A004BDA39 /* Score.h */ = {isa = PBXFileReference; fileEncoding = 4; lastKnownFileType = sourcecode.c.h; path = Score.h; sourceTree = "<group>"; };
		DAA0F54B1D891B7A004BDA39 /* Score.m */ = {isa = PBXFileReference; fileEncoding = 4; lastKnownFileType = sourcecode.c.objc; path = Score.m; sourceTree = "<group>"; };
		DAA0F5511D89411F004BDA39 /* EnlargeEdgeButton.h */ = {isa = PBXFileReference; fileEncoding = 4; lastKnownFileType = sourcecode.c.h; path = EnlargeEdgeButton.h; sourceTree = "<group>"; };
		DAA0F5521D89411F004BDA39 /* EnlargeEdgeButton.m */ = {isa = PBXFileReference; fileEncoding = 4; lastKnownFileType = sourcecode.c.objc; path = EnlargeEdgeButton.m; sourceTree = "<group>"; };
		DAA0F5541D8949CC004BDA39 /* servo.db */ = {isa = PBXFileReference; lastKnownFileType = file; path = servo.db; sourceTree = "<group>"; };
		DAA0F5561D894AB8004BDA39 /* DataBaseManager.h */ = {isa = PBXFileReference; fileEncoding = 4; lastKnownFileType = sourcecode.c.h; path = DataBaseManager.h; sourceTree = "<group>"; };
		DAA0F5571D894AB8004BDA39 /* DataBaseManager.m */ = {isa = PBXFileReference; fileEncoding = 4; lastKnownFileType = sourcecode.c.objc; path = DataBaseManager.m; sourceTree = "<group>"; };
		DAA0F5591D894B9E004BDA39 /* Step.h */ = {isa = PBXFileReference; fileEncoding = 4; lastKnownFileType = sourcecode.c.h; path = Step.h; sourceTree = "<group>"; };
		DAA0F55A1D894B9E004BDA39 /* Step.m */ = {isa = PBXFileReference; fileEncoding = 4; lastKnownFileType = sourcecode.c.objc; path = Step.m; sourceTree = "<group>"; };
		DABD4AA71D7E63D700AD7CC3 /* CocoaAsyncSocket.h */ = {isa = PBXFileReference; fileEncoding = 4; lastKnownFileType = sourcecode.c.h; path = CocoaAsyncSocket.h; sourceTree = "<group>"; };
		DABD4AA91D7E63D700AD7CC3 /* Documentation.html */ = {isa = PBXFileReference; fileEncoding = 4; lastKnownFileType = text.html; path = Documentation.html; sourceTree = "<group>"; };
		DABD4AAA1D7E63D700AD7CC3 /* GCDAsyncSocket.h */ = {isa = PBXFileReference; fileEncoding = 4; lastKnownFileType = sourcecode.c.h; path = GCDAsyncSocket.h; sourceTree = "<group>"; };
		DABD4AAB1D7E63D700AD7CC3 /* GCDAsyncSocket.m */ = {isa = PBXFileReference; fileEncoding = 4; lastKnownFileType = sourcecode.c.objc; path = GCDAsyncSocket.m; sourceTree = "<group>"; };
		DABD4AAC1D7E63D700AD7CC3 /* GCDAsyncUdpSocket.h */ = {isa = PBXFileReference; fileEncoding = 4; lastKnownFileType = sourcecode.c.h; path = GCDAsyncUdpSocket.h; sourceTree = "<group>"; };
		DABD4AAD1D7E63D700AD7CC3 /* GCDAsyncUdpSocket.m */ = {isa = PBXFileReference; fileEncoding = 4; lastKnownFileType = sourcecode.c.objc; path = GCDAsyncUdpSocket.m; sourceTree = "<group>"; };
		DABD4AAE1D7E63D700AD7CC3 /* Info.plist */ = {isa = PBXFileReference; fileEncoding = 4; lastKnownFileType = text.plist.xml; path = Info.plist; sourceTree = "<group>"; };
		DABD4AB01D7E63D700AD7CC3 /* AsyncSocket.h */ = {isa = PBXFileReference; fileEncoding = 4; lastKnownFileType = sourcecode.c.h; path = AsyncSocket.h; sourceTree = "<group>"; };
		DABD4AB11D7E63D700AD7CC3 /* AsyncSocket.m */ = {isa = PBXFileReference; fileEncoding = 4; lastKnownFileType = sourcecode.c.objc; path = AsyncSocket.m; sourceTree = "<group>"; };
		DABD4AB21D7E63D700AD7CC3 /* AsyncUdpSocket.h */ = {isa = PBXFileReference; fileEncoding = 4; lastKnownFileType = sourcecode.c.h; path = AsyncUdpSocket.h; sourceTree = "<group>"; };
		DABD4AB31D7E63D700AD7CC3 /* AsyncUdpSocket.m */ = {isa = PBXFileReference; fileEncoding = 4; lastKnownFileType = sourcecode.c.objc; path = AsyncUdpSocket.m; sourceTree = "<group>"; };
		DABD4AB41D7E63D700AD7CC3 /* Documentation.html */ = {isa = PBXFileReference; fileEncoding = 4; lastKnownFileType = text.html; path = Documentation.html; sourceTree = "<group>"; };
		DABD4AB71D7E63D700AD7CC3 /* DDAbstractDatabaseLogger.h */ = {isa = PBXFileReference; fileEncoding = 4; lastKnownFileType = sourcecode.c.h; path = DDAbstractDatabaseLogger.h; sourceTree = "<group>"; };
		DABD4AB81D7E63D700AD7CC3 /* DDAbstractDatabaseLogger.m */ = {isa = PBXFileReference; fileEncoding = 4; lastKnownFileType = sourcecode.c.objc; path = DDAbstractDatabaseLogger.m; sourceTree = "<group>"; };
		DABD4AB91D7E63D700AD7CC3 /* DDASLLogger.h */ = {isa = PBXFileReference; fileEncoding = 4; lastKnownFileType = sourcecode.c.h; path = DDASLLogger.h; sourceTree = "<group>"; };
		DABD4ABA1D7E63D700AD7CC3 /* DDASLLogger.m */ = {isa = PBXFileReference; fileEncoding = 4; lastKnownFileType = sourcecode.c.objc; path = DDASLLogger.m; sourceTree = "<group>"; };
		DABD4ABB1D7E63D700AD7CC3 /* DDFileLogger.h */ = {isa = PBXFileReference; fileEncoding = 4; lastKnownFileType = sourcecode.c.h; path = DDFileLogger.h; sourceTree = "<group>"; };
		DABD4ABC1D7E63D700AD7CC3 /* DDFileLogger.m */ = {isa = PBXFileReference; fileEncoding = 4; lastKnownFileType = sourcecode.c.objc; path = DDFileLogger.m; sourceTree = "<group>"; };
		DABD4ABD1D7E63D700AD7CC3 /* DDLog+LOGV.h */ = {isa = PBXFileReference; fileEncoding = 4; lastKnownFileType = sourcecode.c.h; path = "DDLog+LOGV.h"; sourceTree = "<group>"; };
		DABD4ABE1D7E63D700AD7CC3 /* DDLog.h */ = {isa = PBXFileReference; fileEncoding = 4; lastKnownFileType = sourcecode.c.h; path = DDLog.h; sourceTree = "<group>"; };
		DABD4ABF1D7E63D700AD7CC3 /* DDLog.m */ = {isa = PBXFileReference; fileEncoding = 4; lastKnownFileType = sourcecode.c.objc; path = DDLog.m; sourceTree = "<group>"; };
		DABD4AC01D7E63D700AD7CC3 /* DDTTYLogger.h */ = {isa = PBXFileReference; fileEncoding = 4; lastKnownFileType = sourcecode.c.h; path = DDTTYLogger.h; sourceTree = "<group>"; };
		DABD4AC11D7E63D700AD7CC3 /* DDTTYLogger.m */ = {isa = PBXFileReference; fileEncoding = 4; lastKnownFileType = sourcecode.c.objc; path = DDTTYLogger.m; sourceTree = "<group>"; };
		DABD4AC31D7E63D700AD7CC3 /* DDContextFilterLogFormatter.h */ = {isa = PBXFileReference; fileEncoding = 4; lastKnownFileType = sourcecode.c.h; path = DDContextFilterLogFormatter.h; sourceTree = "<group>"; };
		DABD4AC41D7E63D700AD7CC3 /* DDContextFilterLogFormatter.m */ = {isa = PBXFileReference; fileEncoding = 4; lastKnownFileType = sourcecode.c.objc; path = DDContextFilterLogFormatter.m; sourceTree = "<group>"; };
		DABD4AC51D7E63D700AD7CC3 /* DDDispatchQueueLogFormatter.h */ = {isa = PBXFileReference; fileEncoding = 4; lastKnownFileType = sourcecode.c.h; path = DDDispatchQueueLogFormatter.h; sourceTree = "<group>"; };
		DABD4AC61D7E63D700AD7CC3 /* DDDispatchQueueLogFormatter.m */ = {isa = PBXFileReference; fileEncoding = 4; lastKnownFileType = sourcecode.c.objc; path = DDDispatchQueueLogFormatter.m; sourceTree = "<group>"; };
		DABD4AC71D7E63D700AD7CC3 /* DDMultiFormatter.h */ = {isa = PBXFileReference; fileEncoding = 4; lastKnownFileType = sourcecode.c.h; path = DDMultiFormatter.h; sourceTree = "<group>"; };
		DABD4AC81D7E63D700AD7CC3 /* DDMultiFormatter.m */ = {isa = PBXFileReference; fileEncoding = 4; lastKnownFileType = sourcecode.c.objc; path = DDMultiFormatter.m; sourceTree = "<group>"; };
		DABD4AC91D7E63D700AD7CC3 /* README.txt */ = {isa = PBXFileReference; fileEncoding = 4; lastKnownFileType = text; path = README.txt; sourceTree = "<group>"; };
		DABD4ADA1D7E63E200AD7CC3 /* SocketManager.h */ = {isa = PBXFileReference; fileEncoding = 4; lastKnownFileType = sourcecode.c.h; path = SocketManager.h; sourceTree = "<group>"; };
		DABD4ADB1D7E63E200AD7CC3 /* SocketManager.m */ = {isa = PBXFileReference; fileEncoding = 4; lastKnownFileType = sourcecode.c.objc; path = SocketManager.m; sourceTree = "<group>"; };
		DABD4ADD1D7E651100AD7CC3 /* LoginViewController.h */ = {isa = PBXFileReference; fileEncoding = 4; lastKnownFileType = sourcecode.c.h; path = LoginViewController.h; sourceTree = "<group>"; };
		DABD4ADE1D7E651100AD7CC3 /* LoginViewController.m */ = {isa = PBXFileReference; fileEncoding = 4; lastKnownFileType = sourcecode.c.objc; path = LoginViewController.m; sourceTree = "<group>"; };
		DABD4AE31D7E755E00AD7CC3 /* SocketModel.h */ = {isa = PBXFileReference; fileEncoding = 4; lastKnownFileType = sourcecode.c.h; path = SocketModel.h; sourceTree = "<group>"; };
		DABD4AE41D7E755E00AD7CC3 /* SocketModel.m */ = {isa = PBXFileReference; fileEncoding = 4; lastKnownFileType = sourcecode.c.objc; path = SocketModel.m; sourceTree = "<group>"; };
		DADEA62E1D890EAE00C92E8B /* CurveViewController.h */ = {isa = PBXFileReference; fileEncoding = 4; lastKnownFileType = sourcecode.c.h; path = CurveViewController.h; sourceTree = "<group>"; };
		DADEA62F1D890EAE00C92E8B /* CurveViewController.m */ = {isa = PBXFileReference; fileEncoding = 4; lastKnownFileType = sourcecode.c.objc; path = CurveViewController.m; sourceTree = "<group>"; };
		DADEA6311D8910E200C92E8B /* DrawerDemo-Bridging-Header.h */ = {isa = PBXFileReference; lastKnownFileType = sourcecode.c.h; name = "DrawerDemo-Bridging-Header.h"; path = "Controller/DrawerDemo-Bridging-Header.h"; sourceTree = "<group>"; };
		DADEA6341D89149100C92E8B /* Charts.framework */ = {isa = PBXFileReference; lastKnownFileType = wrapper.framework; name = Charts.framework; path = DrawerDemo/Charts.framework; sourceTree = "<group>"; };
		DADEA6351D89149100C92E8B /* Realm.framework */ = {isa = PBXFileReference; lastKnownFileType = wrapper.framework; name = Realm.framework; path = DrawerDemo/Realm.framework; sourceTree = "<group>"; };
		DADEA6361D89149100C92E8B /* RealmSwift.framework */ = {isa = PBXFileReference; lastKnownFileType = wrapper.framework; name = RealmSwift.framework; path = DrawerDemo/RealmSwift.framework; sourceTree = "<group>"; };
		DADEA6411D891A3700C92E8B /* Charts.framework */ = {isa = PBXFileReference; lastKnownFileType = wrapper.framework; name = Charts.framework; path = DrawerDemo/Charts.framework; sourceTree = "<group>"; };
		DADEA6421D891A3700C92E8B /* Realm.framework */ = {isa = PBXFileReference; lastKnownFileType = wrapper.framework; name = Realm.framework; path = DrawerDemo/Realm.framework; sourceTree = "<group>"; };
		DADEA6431D891A3700C92E8B /* RealmSwift.framework */ = {isa = PBXFileReference; lastKnownFileType = wrapper.framework; name = RealmSwift.framework; path = DrawerDemo/RealmSwift.framework; sourceTree = "<group>"; };
		DAECADA71D758876006F828C /* GateConfigViewController.h */ = {isa = PBXFileReference; fileEncoding = 4; lastKnownFileType = sourcecode.c.h; path = GateConfigViewController.h; sourceTree = "<group>"; };
		DAECADA81D758876006F828C /* GateConfigViewController.m */ = {isa = PBXFileReference; fileEncoding = 4; lastKnownFileType = sourcecode.c.objc; path = GateConfigViewController.m; sourceTree = "<group>"; };
		DAF1E0841D8136DD0093FCEA /* GateParamViewController.h */ = {isa = PBXFileReference; fileEncoding = 4; lastKnownFileType = sourcecode.c.h; path = GateParamViewController.h; sourceTree = "<group>"; };
		DAF1E0851D8136DD0093FCEA /* GateParamViewController.m */ = {isa = PBXFileReference; fileEncoding = 4; lastKnownFileType = sourcecode.c.objc; path = GateParamViewController.m; sourceTree = "<group>"; };
		DAF1E0871D814EDD0093FCEA /* SVProgressHUD+Add.h */ = {isa = PBXFileReference; fileEncoding = 4; lastKnownFileType = sourcecode.c.h; path = "SVProgressHUD+Add.h"; sourceTree = "<group>"; };
		DAF1E0881D814EDD0093FCEA /* SVProgressHUD+Add.m */ = {isa = PBXFileReference; fileEncoding = 4; lastKnownFileType = sourcecode.c.objc; path = "SVProgressHUD+Add.m"; sourceTree = "<group>"; };
		DAF1E08B1D815D610093FCEA /* PopListView.h */ = {isa = PBXFileReference; fileEncoding = 4; lastKnownFileType = sourcecode.c.h; path = PopListView.h; sourceTree = "<group>"; };
		DAF1E08C1D815D610093FCEA /* PopListView.m */ = {isa = PBXFileReference; fileEncoding = 4; lastKnownFileType = sourcecode.c.objc; path = PopListView.m; sourceTree = "<group>"; };
		DAF1E08E1D815D760093FCEA /* PopListView.xib */ = {isa = PBXFileReference; fileEncoding = 4; lastKnownFileType = file.xib; path = PopListView.xib; sourceTree = "<group>"; };
/* End PBXFileReference section */

/* Begin PBXFrameworksBuildPhase section */
		272714001C9BC928000BB800 /* Frameworks */ = {
			isa = PBXFrameworksBuildPhase;
			buildActionMask = 2147483647;
			files = (
				DADEA6371D89149100C92E8B /* Charts.framework in Frameworks */,
				DADEA6381D89149100C92E8B /* Realm.framework in Frameworks */,
				DADEA6391D89149100C92E8B /* RealmSwift.framework in Frameworks */,
				B741E2DC7D014FCE40A313A7 /* Pods_DrawerDemo.framework in Frameworks */,
			);
			runOnlyForDeploymentPostprocessing = 0;
		};
/* End PBXFrameworksBuildPhase section */

/* Begin PBXGroup section */
		272713FA1C9BC928000BB800 = {
			isa = PBXGroup;
			children = (
				272714051C9BC928000BB800 /* DrawerDemo */,
				272714041C9BC928000BB800 /* Products */,
				CE370AB564A92E25683FF82E /* Pods */,
				83CF1F83A18FB871CE64262E /* Frameworks */,
			);
			sourceTree = "<group>";
		};
		272714041C9BC928000BB800 /* Products */ = {
			isa = PBXGroup;
			children = (
				272714031C9BC928000BB800 /* 电动缸.app */,
			);
			name = Products;
			sourceTree = "<group>";
		};
		272714051C9BC928000BB800 /* DrawerDemo */ = {
			isa = PBXGroup;
			children = (
				DA0A86C81D5B16F200861301 /* Category */,
				DA0A86CB1D5B16F200861301 /* Model */,
				DA0A86CE1D5B16F200861301 /* Utils */,
				DAF1E08A1D815D310093FCEA /* View */,
				DA0A86D21D5B176400861301 /* Controller */,
				272714091C9BC928000BB800 /* AppDelegate.h */,
				2727140A1C9BC928000BB800 /* AppDelegate.m */,
				DAA0F5541D8949CC004BDA39 /* servo.db */,
				272714121C9BC928000BB800 /* Assets.xcassets */,
				2727140F1C9BC928000BB800 /* Main.storyboard */,
				272714141C9BC928000BB800 /* LaunchScreen.storyboard */,
				272714171C9BC928000BB800 /* Info.plist */,
				272714061C9BC928000BB800 /* Supporting Files */,
			);
			path = DrawerDemo;
			sourceTree = "<group>";
		};
		272714061C9BC928000BB800 /* Supporting Files */ = {
			isa = PBXGroup;
			children = (
				DADEA6311D8910E200C92E8B /* DrawerDemo-Bridging-Header.h */,
				272714071C9BC928000BB800 /* main.m */,
				DA0C97DF1D59B1DE00C78DD5 /* PrefixHeader.pch */,
				DA0C97ED1D59D3C300C78DD5 /* Language.strings */,
			);
			name = "Supporting Files";
			sourceTree = "<group>";
		};
		83CF1F83A18FB871CE64262E /* Frameworks */ = {
			isa = PBXGroup;
			children = (
				DADEA6411D891A3700C92E8B /* Charts.framework */,
				DADEA6421D891A3700C92E8B /* Realm.framework */,
				DADEA6431D891A3700C92E8B /* RealmSwift.framework */,
				DADEA6341D89149100C92E8B /* Charts.framework */,
				DADEA6351D89149100C92E8B /* Realm.framework */,
				DADEA6361D89149100C92E8B /* RealmSwift.framework */,
				6CFA99C3C9AF947D9CFF8A81 /* Pods_DrawerDemo.framework */,
			);
			name = Frameworks;
			sourceTree = "<group>";
		};
		CE370AB564A92E25683FF82E /* Pods */ = {
			isa = PBXGroup;
			children = (
				8976BF2848E8CDAABE03880A /* Pods-DrawerDemo.debug.xcconfig */,
				2FC123A5CE6952EECF7CDC7F /* Pods-DrawerDemo.release.xcconfig */,
			);
			name = Pods;
			sourceTree = "<group>";
		};
		DA0A86C81D5B16F200861301 /* Category */ = {
			isa = PBXGroup;
			children = (
				DAF1E0871D814EDD0093FCEA /* SVProgressHUD+Add.h */,
				DAF1E0881D814EDD0093FCEA /* SVProgressHUD+Add.m */,
				DA0A86C91D5B16F200861301 /* UITextField+Add.h */,
				DA0A86CA1D5B16F200861301 /* UITextField+Add.m */,
				DA011AD51D80FA2500B14019 /* UIButton+Add.h */,
				DA011AD61D80FA2500B14019 /* UIButton+Add.m */,
			);
			path = Category;
			sourceTree = "<group>";
		};
		DA0A86CB1D5B16F200861301 /* Model */ = {
			isa = PBXGroup;
			children = (
				DA0A86CC1D5B16F200861301 /* Dimension.h */,
				DA0A86CD1D5B16F200861301 /* Dimension.m */,
				DA39B91E1D78101E00C85679 /* Gate.h */,
				DA39B91F1D78101E00C85679 /* Gate.m */,
				DAA0F5591D894B9E004BDA39 /* Step.h */,
				DAA0F55A1D894B9E004BDA39 /* Step.m */,
				DABD4AE31D7E755E00AD7CC3 /* SocketModel.h */,
				DABD4AE41D7E755E00AD7CC3 /* SocketModel.m */,
			);
			path = Model;
			sourceTree = "<group>";
		};
		DA0A86CE1D5B16F200861301 /* Utils */ = {
			isa = PBXGroup;
			children = (
				DAA0F5411D891B7A004BDA39 /* Realm */,
				DABD4AA61D7E63D700AD7CC3 /* Source */,
				DA39B91A1D76688300C85679 /* CAPSPageMenu */,
				DA0A86CF1D5B16F200861301 /* Define.h */,
				DA39B9271D78199E00C85679 /* Utils.h */,
				DA39B9281D78199E00C85679 /* Utils.m */,
				DA011AD21D80F66200B14019 /* AppearanceManager.h */,
				DA011AD31D80F66200B14019 /* AppearanceManager.m */,
				DABD4ADA1D7E63E200AD7CC3 /* SocketManager.h */,
				DABD4ADB1D7E63E200AD7CC3 /* SocketManager.m */,
				DAA0F5561D894AB8004BDA39 /* DataBaseManager.h */,
				DAA0F5571D894AB8004BDA39 /* DataBaseManager.m */,
			);
			path = Utils;
			sourceTree = "<group>";
		};
		DA0A86D21D5B176400861301 /* Controller */ = {
			isa = PBXGroup;
			children = (
				DA0A86DB1D5B176400861301 /* MMExampleDrawerVisualStateManager.h */,
				DA0A86DC1D5B176400861301 /* MMExampleDrawerVisualStateManager.m */,
				DA0A86DD1D5B176400861301 /* MMNavigationController.h */,
				DA0A86DE1D5B176400861301 /* MMNavigationController.m */,
				DA0A86D51D5B176400861301 /* BaseViewController.h */,
				DA0A86D61D5B176400861301 /* BaseViewController.m */,
				DA0A86D91D5B176400861301 /* LeftViewController.h */,
				DA0A86DA1D5B176400861301 /* LeftViewController.m */,
				DABD4ADD1D7E651100AD7CC3 /* LoginViewController.h */,
				DABD4ADE1D7E651100AD7CC3 /* LoginViewController.m */,
				DA0A86D31D5B176400861301 /* AutoViewController.h */,
				DA0A86D41D5B176400861301 /* AutoViewController.m */,
				DA0A86D71D5B176400861301 /* HPViewController.h */,
				DA0A86D81D5B176400861301 /* HPViewController.m */,
				DAECADA71D758876006F828C /* GateConfigViewController.h */,
				DAECADA81D758876006F828C /* GateConfigViewController.m */,
				DAF1E0841D8136DD0093FCEA /* GateParamViewController.h */,
				DAF1E0851D8136DD0093FCEA /* GateParamViewController.m */,
				DA39B9241D7818EB00C85679 /* GateSettingViewController.h */,
				DA39B9251D7818EB00C85679 /* GateSettingViewController.m */,
				DADEA62E1D890EAE00C92E8B /* CurveViewController.h */,
				DADEA62F1D890EAE00C92E8B /* CurveViewController.m */,
			);
			name = Controller;
			path = DrawerDemo/Controller;
			sourceTree = SOURCE_ROOT;
		};
		DA39B91A1D76688300C85679 /* CAPSPageMenu */ = {
			isa = PBXGroup;
			children = (
				DA39B91B1D76688300C85679 /* CAPSPageMenu.h */,
				DA39B91C1D76688300C85679 /* CAPSPageMenu.m */,
			);
			path = CAPSPageMenu;
			sourceTree = "<group>";
		};
		DAA0F5411D891B7A004BDA39 /* Realm */ = {
			isa = PBXGroup;
			children = (
				DAA0F5421D891B7A004BDA39 /* DemoBaseViewController.h */,
				DAA0F5431D891B7A004BDA39 /* DemoBaseViewController.m */,
				DAA0F5441D891B7A004BDA39 /* RealmDemoBaseViewController.h */,
				DAA0F5451D891B7A004BDA39 /* RealmDemoBaseViewController.m */,
				DAA0F5461D891B7A004BDA39 /* RealmDemoData.h */,
				DAA0F5471D891B7A004BDA39 /* RealmDemoData.m */,
				DAA0F5481D891B7A004BDA39 /* RealmFloat.h */,
				DAA0F5491D891B7A004BDA39 /* RealmFloat.m */,
				DAA0F54A1D891B7A004BDA39 /* Score.h */,
				DAA0F54B1D891B7A004BDA39 /* Score.m */,
			);
			path = Realm;
			sourceTree = "<group>";
		};
		DABD4AA61D7E63D700AD7CC3 /* Source */ = {
			isa = PBXGroup;
			children = (
				DABD4AA71D7E63D700AD7CC3 /* CocoaAsyncSocket.h */,
				DABD4AA81D7E63D700AD7CC3 /* GCD */,
				DABD4AAE1D7E63D700AD7CC3 /* Info.plist */,
				DABD4AAF1D7E63D700AD7CC3 /* RunLoop */,
				DABD4AB51D7E63D700AD7CC3 /* Vendor */,
			);
			path = Source;
			sourceTree = "<group>";
		};
		DABD4AA81D7E63D700AD7CC3 /* GCD */ = {
			isa = PBXGroup;
			children = (
				DABD4AA91D7E63D700AD7CC3 /* Documentation.html */,
				DABD4AAA1D7E63D700AD7CC3 /* GCDAsyncSocket.h */,
				DABD4AAB1D7E63D700AD7CC3 /* GCDAsyncSocket.m */,
				DABD4AAC1D7E63D700AD7CC3 /* GCDAsyncUdpSocket.h */,
				DABD4AAD1D7E63D700AD7CC3 /* GCDAsyncUdpSocket.m */,
			);
			path = GCD;
			sourceTree = "<group>";
		};
		DABD4AAF1D7E63D700AD7CC3 /* RunLoop */ = {
			isa = PBXGroup;
			children = (
				DABD4AB01D7E63D700AD7CC3 /* AsyncSocket.h */,
				DABD4AB11D7E63D700AD7CC3 /* AsyncSocket.m */,
				DABD4AB21D7E63D700AD7CC3 /* AsyncUdpSocket.h */,
				DABD4AB31D7E63D700AD7CC3 /* AsyncUdpSocket.m */,
				DABD4AB41D7E63D700AD7CC3 /* Documentation.html */,
			);
			path = RunLoop;
			sourceTree = "<group>";
		};
		DABD4AB51D7E63D700AD7CC3 /* Vendor */ = {
			isa = PBXGroup;
			children = (
				DABD4AB61D7E63D700AD7CC3 /* CocoaLumberjack */,
			);
			path = Vendor;
			sourceTree = "<group>";
		};
		DABD4AB61D7E63D700AD7CC3 /* CocoaLumberjack */ = {
			isa = PBXGroup;
			children = (
				DABD4AB71D7E63D700AD7CC3 /* DDAbstractDatabaseLogger.h */,
				DABD4AB81D7E63D700AD7CC3 /* DDAbstractDatabaseLogger.m */,
				DABD4AB91D7E63D700AD7CC3 /* DDASLLogger.h */,
				DABD4ABA1D7E63D700AD7CC3 /* DDASLLogger.m */,
				DABD4ABB1D7E63D700AD7CC3 /* DDFileLogger.h */,
				DABD4ABC1D7E63D700AD7CC3 /* DDFileLogger.m */,
				DABD4ABD1D7E63D700AD7CC3 /* DDLog+LOGV.h */,
				DABD4ABE1D7E63D700AD7CC3 /* DDLog.h */,
				DABD4ABF1D7E63D700AD7CC3 /* DDLog.m */,
				DABD4AC01D7E63D700AD7CC3 /* DDTTYLogger.h */,
				DABD4AC11D7E63D700AD7CC3 /* DDTTYLogger.m */,
				DABD4AC21D7E63D700AD7CC3 /* Extensions */,
			);
			path = CocoaLumberjack;
			sourceTree = "<group>";
		};
		DABD4AC21D7E63D700AD7CC3 /* Extensions */ = {
			isa = PBXGroup;
			children = (
				DABD4AC31D7E63D700AD7CC3 /* DDContextFilterLogFormatter.h */,
				DABD4AC41D7E63D700AD7CC3 /* DDContextFilterLogFormatter.m */,
				DABD4AC51D7E63D700AD7CC3 /* DDDispatchQueueLogFormatter.h */,
				DABD4AC61D7E63D700AD7CC3 /* DDDispatchQueueLogFormatter.m */,
				DABD4AC71D7E63D700AD7CC3 /* DDMultiFormatter.h */,
				DABD4AC81D7E63D700AD7CC3 /* DDMultiFormatter.m */,
				DABD4AC91D7E63D700AD7CC3 /* README.txt */,
			);
			path = Extensions;
			sourceTree = "<group>";
		};
		DAF1E08A1D815D310093FCEA /* View */ = {
			isa = PBXGroup;
			children = (
				DAF1E08B1D815D610093FCEA /* PopListView.h */,
				DAF1E08C1D815D610093FCEA /* PopListView.m */,
				DAF1E08E1D815D760093FCEA /* PopListView.xib */,
				DAA0F5511D89411F004BDA39 /* EnlargeEdgeButton.h */,
				DAA0F5521D89411F004BDA39 /* EnlargeEdgeButton.m */,
			);
			path = View;
			sourceTree = "<group>";
		};
/* End PBXGroup section */

/* Begin PBXNativeTarget section */
		272714021C9BC928000BB800 /* DrawerDemo */ = {
			isa = PBXNativeTarget;
			buildConfigurationList = 2727141A1C9BC928000BB800 /* Build configuration list for PBXNativeTarget "DrawerDemo" */;
			buildPhases = (
				86766D72BD64837D508B5D75 /* [CP] Check Pods Manifest.lock */,
				272713FF1C9BC928000BB800 /* Sources */,
				272714001C9BC928000BB800 /* Frameworks */,
				272714011C9BC928000BB800 /* Resources */,
				3D0BF22B23930B6DFB94C286 /* [CP] Embed Pods Frameworks */,
				9D72E0D3C4256E7F341BC8FD /* [CP] Copy Pods Resources */,
				DADEA63A1D89153D00C92E8B /* Embedded Binaries */,
			);
			buildRules = (
			);
			dependencies = (
			);
			name = DrawerDemo;
			productName = DrawerDemo;
			productReference = 272714031C9BC928000BB800 /* 电动缸.app */;
			productType = "com.apple.product-type.application";
		};
/* End PBXNativeTarget section */

/* Begin PBXProject section */
		272713FB1C9BC928000BB800 /* Project object */ = {
			isa = PBXProject;
			attributes = {
				LastSwiftUpdateCheck = 0730;
				LastUpgradeCheck = 0720;
				ORGANIZATIONNAME = weiwend;
				TargetAttributes = {
					272714021C9BC928000BB800 = {
						CreatedOnToolsVersion = 7.2.1;
					};
				};
			};
			buildConfigurationList = 272713FE1C9BC928000BB800 /* Build configuration list for PBXProject "DrawerDemo" */;
			compatibilityVersion = "Xcode 3.2";
			developmentRegion = English;
			hasScannedForEncodings = 0;
			knownRegions = (
				en,
				Base,
				"zh-Hans",
			);
			mainGroup = 272713FA1C9BC928000BB800;
			productRefGroup = 272714041C9BC928000BB800 /* Products */;
			projectDirPath = "";
			projectRoot = "";
			targets = (
				272714021C9BC928000BB800 /* DrawerDemo */,
			);
		};
/* End PBXProject section */

/* Begin PBXResourcesBuildPhase section */
		272714011C9BC928000BB800 /* Resources */ = {
			isa = PBXResourcesBuildPhase;
			buildActionMask = 2147483647;
			files = (
				DA0C97EB1D59D3C300C78DD5 /* Language.strings in Resources */,
				272714161C9BC928000BB800 /* LaunchScreen.storyboard in Resources */,
				DABD4ACD1D7E63D700AD7CC3 /* Info.plist in Resources */,
				DAA0F5551D8949CC004BDA39 /* servo.db in Resources */,
				272714131C9BC928000BB800 /* Assets.xcassets in Resources */,
				DABD4ACA1D7E63D700AD7CC3 /* Documentation.html in Resources */,
				DAF1E08F1D815D760093FCEA /* PopListView.xib in Resources */,
				DABD4AD01D7E63D700AD7CC3 /* Documentation.html in Resources */,
				DABD4AD91D7E63D700AD7CC3 /* README.txt in Resources */,
				272714111C9BC928000BB800 /* Main.storyboard in Resources */,
			);
			runOnlyForDeploymentPostprocessing = 0;
		};
/* End PBXResourcesBuildPhase section */

/* Begin PBXShellScriptBuildPhase section */
		3D0BF22B23930B6DFB94C286 /* [CP] Embed Pods Frameworks */ = {
			isa = PBXShellScriptBuildPhase;
			buildActionMask = 2147483647;
			files = (
			);
			inputPaths = (
			);
			name = "[CP] Embed Pods Frameworks";
			outputPaths = (
			);
			runOnlyForDeploymentPostprocessing = 0;
			shellPath = /bin/sh;
			shellScript = "\"${SRCROOT}/Pods/Target Support Files/Pods-DrawerDemo/Pods-DrawerDemo-frameworks.sh\"\n";
			showEnvVarsInLog = 0;
		};
		86766D72BD64837D508B5D75 /* [CP] Check Pods Manifest.lock */ = {
			isa = PBXShellScriptBuildPhase;
			buildActionMask = 2147483647;
			files = (
			);
			inputPaths = (
			);
			name = "[CP] Check Pods Manifest.lock";
			outputPaths = (
			);
			runOnlyForDeploymentPostprocessing = 0;
			shellPath = /bin/sh;
			shellScript = "diff \"${PODS_ROOT}/../Podfile.lock\" \"${PODS_ROOT}/Manifest.lock\" > /dev/null\nif [[ $? != 0 ]] ; then\n    cat << EOM\nerror: The sandbox is not in sync with the Podfile.lock. Run 'pod install' or update your CocoaPods installation.\nEOM\n    exit 1\nfi\n";
			showEnvVarsInLog = 0;
		};
		9D72E0D3C4256E7F341BC8FD /* [CP] Copy Pods Resources */ = {
			isa = PBXShellScriptBuildPhase;
			buildActionMask = 2147483647;
			files = (
			);
			inputPaths = (
			);
			name = "[CP] Copy Pods Resources";
			outputPaths = (
			);
			runOnlyForDeploymentPostprocessing = 0;
			shellPath = /bin/sh;
			shellScript = "\"${SRCROOT}/Pods/Target Support Files/Pods-DrawerDemo/Pods-DrawerDemo-resources.sh\"\n";
			showEnvVarsInLog = 0;
		};
/* End PBXShellScriptBuildPhase section */

/* Begin PBXSourcesBuildPhase section */
		272713FF1C9BC928000BB800 /* Sources */ = {
			isa = PBXSourcesBuildPhase;
			buildActionMask = 2147483647;
			files = (
				DA39B9201D78101E00C85679 /* Gate.m in Sources */,
				DA0A86D11D5B16F200861301 /* Dimension.m in Sources */,
				DABD4AD31D7E63D700AD7CC3 /* DDFileLogger.m in Sources */,
				DABD4ADC1D7E63E200AD7CC3 /* SocketManager.m in Sources */,
				DA011AD71D80FA2500B14019 /* UIButton+Add.m in Sources */,
				DA0A86E41D5B176400861301 /* MMNavigationController.m in Sources */,
				DA39B9291D78199E00C85679 /* Utils.m in Sources */,
				DABD4ACE1D7E63D700AD7CC3 /* AsyncSocket.m in Sources */,
				DADEA6301D890EAE00C92E8B /* CurveViewController.m in Sources */,
				DA39B91D1D76688300C85679 /* CAPSPageMenu.m in Sources */,
				DAA0F54E1D891B7A004BDA39 /* RealmDemoData.m in Sources */,
				DAA0F54C1D891B7A004BDA39 /* DemoBaseViewController.m in Sources */,
				DABD4ACB1D7E63D700AD7CC3 /* GCDAsyncSocket.m in Sources */,
				DA0A86E31D5B176400861301 /* MMExampleDrawerVisualStateManager.m in Sources */,
				DA0A86E21D5B176400861301 /* LeftViewController.m in Sources */,
				DAF1E0861D8136DD0093FCEA /* GateParamViewController.m in Sources */,
				DAF1E08D1D815D610093FCEA /* PopListView.m in Sources */,
				DA0A86E01D5B176400861301 /* BaseViewController.m in Sources */,
				DAA0F5501D891B7A004BDA39 /* Score.m in Sources */,
				DABD4AD51D7E63D700AD7CC3 /* DDTTYLogger.m in Sources */,
				2727140B1C9BC928000BB800 /* AppDelegate.m in Sources */,
				DABD4ADF1D7E651100AD7CC3 /* LoginViewController.m in Sources */,
				DABD4AD41D7E63D700AD7CC3 /* DDLog.m in Sources */,
				DAA0F54D1D891B7A004BDA39 /* RealmDemoBaseViewController.m in Sources */,
				DABD4AD11D7E63D700AD7CC3 /* DDAbstractDatabaseLogger.m in Sources */,
				DAA0F5531D89411F004BDA39 /* EnlargeEdgeButton.m in Sources */,
				DABD4ACF1D7E63D700AD7CC3 /* AsyncUdpSocket.m in Sources */,
				DABD4ACC1D7E63D700AD7CC3 /* GCDAsyncUdpSocket.m in Sources */,
				DABD4AD21D7E63D700AD7CC3 /* DDASLLogger.m in Sources */,
				DAECADA91D758876006F828C /* GateConfigViewController.m in Sources */,
				DABD4AD61D7E63D700AD7CC3 /* DDContextFilterLogFormatter.m in Sources */,
				DABD4AD71D7E63D700AD7CC3 /* DDDispatchQueueLogFormatter.m in Sources */,
				DAF1E0891D814EDD0093FCEA /* SVProgressHUD+Add.m in Sources */,
				272714081C9BC928000BB800 /* main.m in Sources */,
				DA39B9261D7818EB00C85679 /* GateSettingViewController.m in Sources */,
				DA011AD41D80F66200B14019 /* AppearanceManager.m in Sources */,
				DABD4AE51D7E755E00AD7CC3 /* SocketModel.m in Sources */,
				DAA0F55B1D894B9E004BDA39 /* Step.m in Sources */,
				DA0A86DF1D5B176400861301 /* AutoViewController.m in Sources */,
				DABD4AD81D7E63D700AD7CC3 /* DDMultiFormatter.m in Sources */,
				DAA0F5581D894AB8004BDA39 /* DataBaseManager.m in Sources */,
				DAA0F54F1D891B7A004BDA39 /* RealmFloat.m in Sources */,
				DA0A86D01D5B16F200861301 /* UITextField+Add.m in Sources */,
				DA0A86E11D5B176400861301 /* HPViewController.m in Sources */,
			);
			runOnlyForDeploymentPostprocessing = 0;
		};
/* End PBXSourcesBuildPhase section */

/* Begin PBXVariantGroup section */
		2727140F1C9BC928000BB800 /* Main.storyboard */ = {
			isa = PBXVariantGroup;
			children = (
				272714101C9BC928000BB800 /* Base */,
			);
			name = Main.storyboard;
			sourceTree = "<group>";
		};
		272714141C9BC928000BB800 /* LaunchScreen.storyboard */ = {
			isa = PBXVariantGroup;
			children = (
				272714151C9BC928000BB800 /* Base */,
			);
			name = LaunchScreen.storyboard;
			sourceTree = "<group>";
		};
		DA0C97ED1D59D3C300C78DD5 /* Language.strings */ = {
			isa = PBXVariantGroup;
			children = (
				DA0C97EC1D59D3C300C78DD5 /* zh-Hans */,
				DA0C97EE1D59D3C500C78DD5 /* en */,
			);
			name = Language.strings;
			sourceTree = "<group>";
		};
/* End PBXVariantGroup section */

/* Begin XCBuildConfiguration section */
		272714181C9BC928000BB800 /* Debug */ = {
			isa = XCBuildConfiguration;
			buildSettings = {
				ALWAYS_SEARCH_USER_PATHS = NO;
				CLANG_CXX_LANGUAGE_STANDARD = "gnu++0x";
				CLANG_CXX_LIBRARY = "libc++";
				CLANG_ENABLE_MODULES = YES;
				CLANG_ENABLE_OBJC_ARC = YES;
				CLANG_WARN_BOOL_CONVERSION = YES;
				CLANG_WARN_CONSTANT_CONVERSION = YES;
				CLANG_WARN_DIRECT_OBJC_ISA_USAGE = YES_ERROR;
				CLANG_WARN_EMPTY_BODY = YES;
				CLANG_WARN_ENUM_CONVERSION = YES;
				CLANG_WARN_INT_CONVERSION = YES;
				CLANG_WARN_OBJC_ROOT_CLASS = YES_ERROR;
				CLANG_WARN_UNREACHABLE_CODE = YES;
				CLANG_WARN__DUPLICATE_METHOD_MATCH = YES;
				"CODE_SIGN_IDENTITY[sdk=iphoneos*]" = "iPhone Developer";
				COPY_PHASE_STRIP = NO;
				DEBUG_INFORMATION_FORMAT = dwarf;
				ENABLE_STRICT_OBJC_MSGSEND = YES;
				ENABLE_TESTABILITY = YES;
				GCC_C_LANGUAGE_STANDARD = gnu99;
				GCC_DYNAMIC_NO_PIC = NO;
				GCC_NO_COMMON_BLOCKS = YES;
				GCC_OPTIMIZATION_LEVEL = 0;
				GCC_PREPROCESSOR_DEFINITIONS = (
					"DEBUG=1",
					"$(inherited)",
				);
				GCC_WARN_64_TO_32_BIT_CONVERSION = YES;
				GCC_WARN_ABOUT_RETURN_TYPE = YES_ERROR;
				GCC_WARN_UNDECLARED_SELECTOR = YES;
				GCC_WARN_UNINITIALIZED_AUTOS = YES_AGGRESSIVE;
				GCC_WARN_UNUSED_FUNCTION = YES;
				GCC_WARN_UNUSED_VARIABLE = YES;
				IPHONEOS_DEPLOYMENT_TARGET = 9.2;
				MTL_ENABLE_DEBUG_INFO = YES;
				ONLY_ACTIVE_ARCH = YES;
				SDKROOT = iphoneos;
			};
			name = Debug;
		};
		272714191C9BC928000BB800 /* Release */ = {
			isa = XCBuildConfiguration;
			buildSettings = {
				ALWAYS_SEARCH_USER_PATHS = NO;
				CLANG_CXX_LANGUAGE_STANDARD = "gnu++0x";
				CLANG_CXX_LIBRARY = "libc++";
				CLANG_ENABLE_MODULES = YES;
				CLANG_ENABLE_OBJC_ARC = YES;
				CLANG_WARN_BOOL_CONVERSION = YES;
				CLANG_WARN_CONSTANT_CONVERSION = YES;
				CLANG_WARN_DIRECT_OBJC_ISA_USAGE = YES_ERROR;
				CLANG_WARN_EMPTY_BODY = YES;
				CLANG_WARN_ENUM_CONVERSION = YES;
				CLANG_WARN_INT_CONVERSION = YES;
				CLANG_WARN_OBJC_ROOT_CLASS = YES_ERROR;
				CLANG_WARN_UNREACHABLE_CODE = YES;
				CLANG_WARN__DUPLICATE_METHOD_MATCH = YES;
				"CODE_SIGN_IDENTITY[sdk=iphoneos*]" = "iPhone Developer";
				COPY_PHASE_STRIP = NO;
				DEBUG_INFORMATION_FORMAT = "dwarf-with-dsym";
				ENABLE_NS_ASSERTIONS = NO;
				ENABLE_STRICT_OBJC_MSGSEND = YES;
				GCC_C_LANGUAGE_STANDARD = gnu99;
				GCC_NO_COMMON_BLOCKS = YES;
				GCC_WARN_64_TO_32_BIT_CONVERSION = YES;
				GCC_WARN_ABOUT_RETURN_TYPE = YES_ERROR;
				GCC_WARN_UNDECLARED_SELECTOR = YES;
				GCC_WARN_UNINITIALIZED_AUTOS = YES_AGGRESSIVE;
				GCC_WARN_UNUSED_FUNCTION = YES;
				GCC_WARN_UNUSED_VARIABLE = YES;
				IPHONEOS_DEPLOYMENT_TARGET = 9.2;
				MTL_ENABLE_DEBUG_INFO = NO;
				SDKROOT = iphoneos;
				VALIDATE_PRODUCT = YES;
			};
			name = Release;
		};
		2727141B1C9BC928000BB800 /* Debug */ = {
			isa = XCBuildConfiguration;
			baseConfigurationReference = 8976BF2848E8CDAABE03880A /* Pods-DrawerDemo.debug.xcconfig */;
			buildSettings = {
				ASSETCATALOG_COMPILER_APPICON_NAME = AppIcon;
				CLANG_ENABLE_MODULES = YES;
				DEFINES_MODULE = YES;
				EMBEDDED_CONTENT_CONTAINS_SWIFT = YES;
				FRAMEWORK_SEARCH_PATHS = (
					"$(inherited)",
					"$(PROJECT_DIR)/DrawerDemo",
				);
				GCC_PREFIX_HEADER = "$(SRCROOT)/DrawerDemo/PrefixHeader.pch";
				INFOPLIST_FILE = DrawerDemo/Info.plist;
				IPHONEOS_DEPLOYMENT_TARGET = 8.0;
				LD_RUNPATH_SEARCH_PATHS = "$(inherited) @executable_path/Frameworks";
				PRODUCT_BUNDLE_IDENTIFIER = com.yudo.DrawerDemo;
				PRODUCT_MODULE_NAME = DDG;
				PRODUCT_NAME = "电动缸";
				SWIFT_OBJC_BRIDGING_HEADER = "DrawerDemo/Controller/DrawerDemo-Bridging-Header.h";
				SWIFT_OPTIMIZATION_LEVEL = "-Onone";
			};
			name = Debug;
		};
		2727141C1C9BC928000BB800 /* Release */ = {
			isa = XCBuildConfiguration;
			baseConfigurationReference = 2FC123A5CE6952EECF7CDC7F /* Pods-DrawerDemo.release.xcconfig */;
			buildSettings = {
				ASSETCATALOG_COMPILER_APPICON_NAME = AppIcon;
				CLANG_ENABLE_MODULES = YES;
				DEFINES_MODULE = YES;
				EMBEDDED_CONTENT_CONTAINS_SWIFT = YES;
				FRAMEWORK_SEARCH_PATHS = (
					"$(inherited)",
					"$(PROJECT_DIR)/DrawerDemo",
				);
				GCC_PREFIX_HEADER = "$(SRCROOT)/DrawerDemo/PrefixHeader.pch";
				INFOPLIST_FILE = DrawerDemo/Info.plist;
				IPHONEOS_DEPLOYMENT_TARGET = 8.0;
				LD_RUNPATH_SEARCH_PATHS = "$(inherited) @executable_path/Frameworks";
				PRODUCT_BUNDLE_IDENTIFIER = com.yudo.DrawerDemo;
				PRODUCT_MODULE_NAME = DDG;
				PRODUCT_NAME = "电动缸";
				SWIFT_OBJC_BRIDGING_HEADER = "DrawerDemo/Controller/DrawerDemo-Bridging-Header.h";
			};
			name = Release;
		};
/* End XCBuildConfiguration section */

/* Begin XCConfigurationList section */
		272713FE1C9BC928000BB800 /* Build configuration list for PBXProject "DrawerDemo" */ = {
			isa = XCConfigurationList;
			buildConfigurations = (
				272714181C9BC928000BB800 /* Debug */,
				272714191C9BC928000BB800 /* Release */,
			);
			defaultConfigurationIsVisible = 0;
			defaultConfigurationName = Release;
		};
		2727141A1C9BC928000BB800 /* Build configuration list for PBXNativeTarget "DrawerDemo" */ = {
			isa = XCConfigurationList;
			buildConfigurations = (
				2727141B1C9BC928000BB800 /* Debug */,
				2727141C1C9BC928000BB800 /* Release */,
			);
			defaultConfigurationIsVisible = 0;
			defaultConfigurationName = Release;
		};
/* End XCConfigurationList section */
	};
	rootObject = 272713FB1C9BC928000BB800 /* Project object */;
}
