// !$*UTF8*$!
{
	archiveVersion = 1;
	classes = {
	};
	objectVersion = 46;
	objects = {

/* Begin PBXBuildFile section */
		272714081C9BC928000BB800 /* main.m in Sources */ = {isa = PBXBuildFile; fileRef = 272714071C9BC928000BB800 /* main.m */; };
		2727140B1C9BC928000BB800 /* AppDelegate.m in Sources */ = {isa = PBXBuildFile; fileRef = 2727140A1C9BC928000BB800 /* AppDelegate.m */; };
		272714111C9BC928000BB800 /* Main.storyboard in Resources */ = {isa = PBXBuildFile; fileRef = 2727140F1C9BC928000BB800 /* Main.storyboard */; };
		272714131C9BC928000BB800 /* Assets.xcassets in Resources */ = {isa = PBXBuildFile; fileRef = 272714121C9BC928000BB800 /* Assets.xcassets */; };
		272714161C9BC928000BB800 /* LaunchScreen.storyboard in Resources */ = {isa = PBXBuildFile; fileRef = 272714141C9BC928000BB800 /* LaunchScreen.storyboard */; };
		2727141F1C9BCDB2000BB800 /* LeftViewController.m in Sources */ = {isa = PBXBuildFile; fileRef = 2727141E1C9BCDB2000BB800 /* LeftViewController.m */; };
		27806BF51C9BDDEF00C52413 /* MMExampleDrawerVisualStateManager.m in Sources */ = {isa = PBXBuildFile; fileRef = 27806BF31C9BDDEF00C52413 /* MMExampleDrawerVisualStateManager.m */; };
		27806BFB1C9BF47800C52413 /* MMNavigationController.m in Sources */ = {isa = PBXBuildFile; fileRef = 27806BFA1C9BF47800C52413 /* MMNavigationController.m */; };
		BC2CF2614114380EDB70AD20 /* libPods-DrawerDemo.a in Frameworks */ = {isa = PBXBuildFile; fileRef = 79102A4EC3919E7D8593CDB4 /* libPods-DrawerDemo.a */; };
		DA0C97E21D59C64200C78DD5 /* AutoViewController.m in Sources */ = {isa = PBXBuildFile; fileRef = DA0C97E11D59C64200C78DD5 /* AutoViewController.m */; };
		DA0C97E51D59C72C00C78DD5 /* BaseViewController.m in Sources */ = {isa = PBXBuildFile; fileRef = DA0C97E41D59C72C00C78DD5 /* BaseViewController.m */; };
		DA0C97E81D59C83900C78DD5 /* HPViewController.m in Sources */ = {isa = PBXBuildFile; fileRef = DA0C97E71D59C83900C78DD5 /* HPViewController.m */; };
		DA0C97EB1D59D3C300C78DD5 /* Language.strings in Resources */ = {isa = PBXBuildFile; fileRef = DA0C97ED1D59D3C300C78DD5 /* Language.strings */; };
/* End PBXBuildFile section */

/* Begin PBXFileReference section */
		272714031C9BC928000BB800 /* DrawerDemo.app */ = {isa = PBXFileReference; explicitFileType = wrapper.application; includeInIndex = 0; path = DrawerDemo.app; sourceTree = BUILT_PRODUCTS_DIR; };
		272714071C9BC928000BB800 /* main.m */ = {isa = PBXFileReference; lastKnownFileType = sourcecode.c.objc; path = main.m; sourceTree = "<group>"; };
		272714091C9BC928000BB800 /* AppDelegate.h */ = {isa = PBXFileReference; lastKnownFileType = sourcecode.c.h; path = AppDelegate.h; sourceTree = "<group>"; };
		2727140A1C9BC928000BB800 /* AppDelegate.m */ = {isa = PBXFileReference; lastKnownFileType = sourcecode.c.objc; path = AppDelegate.m; sourceTree = "<group>"; };
		272714101C9BC928000BB800 /* Base */ = {isa = PBXFileReference; lastKnownFileType = file.storyboard; name = Base; path = Base.lproj/Main.storyboard; sourceTree = "<group>"; };
		272714121C9BC928000BB800 /* Assets.xcassets */ = {isa = PBXFileReference; lastKnownFileType = folder.assetcatalog; path = Assets.xcassets; sourceTree = "<group>"; };
		272714151C9BC928000BB800 /* Base */ = {isa = PBXFileReference; lastKnownFileType = file.storyboard; name = Base; path = Base.lproj/LaunchScreen.storyboard; sourceTree = "<group>"; };
		272714171C9BC928000BB800 /* Info.plist */ = {isa = PBXFileReference; lastKnownFileType = text.plist.xml; path = Info.plist; sourceTree = "<group>"; };
		2727141D1C9BCDB2000BB800 /* LeftViewController.h */ = {isa = PBXFileReference; fileEncoding = 4; lastKnownFileType = sourcecode.c.h; path = LeftViewController.h; sourceTree = "<group>"; };
		2727141E1C9BCDB2000BB800 /* LeftViewController.m */ = {isa = PBXFileReference; fileEncoding = 4; lastKnownFileType = sourcecode.c.objc; path = LeftViewController.m; sourceTree = "<group>"; };
		27806BF31C9BDDEF00C52413 /* MMExampleDrawerVisualStateManager.m */ = {isa = PBXFileReference; fileEncoding = 4; lastKnownFileType = sourcecode.c.objc; path = MMExampleDrawerVisualStateManager.m; sourceTree = "<group>"; };
		27806BF41C9BDDEF00C52413 /* MMExampleDrawerVisualStateManager.h */ = {isa = PBXFileReference; fileEncoding = 4; lastKnownFileType = sourcecode.c.h; path = MMExampleDrawerVisualStateManager.h; sourceTree = "<group>"; };
		27806BF91C9BF47800C52413 /* MMNavigationController.h */ = {isa = PBXFileReference; fileEncoding = 4; lastKnownFileType = sourcecode.c.h; path = MMNavigationController.h; sourceTree = "<group>"; };
		27806BFA1C9BF47800C52413 /* MMNavigationController.m */ = {isa = PBXFileReference; fileEncoding = 4; lastKnownFileType = sourcecode.c.objc; path = MMNavigationController.m; sourceTree = "<group>"; };
		2FC123A5CE6952EECF7CDC7F /* Pods-DrawerDemo.release.xcconfig */ = {isa = PBXFileReference; includeInIndex = 1; lastKnownFileType = text.xcconfig; name = "Pods-DrawerDemo.release.xcconfig"; path = "Pods/Target Support Files/Pods-DrawerDemo/Pods-DrawerDemo.release.xcconfig"; sourceTree = "<group>"; };
		79102A4EC3919E7D8593CDB4 /* libPods-DrawerDemo.a */ = {isa = PBXFileReference; explicitFileType = archive.ar; includeInIndex = 0; path = "libPods-DrawerDemo.a"; sourceTree = BUILT_PRODUCTS_DIR; };
		8976BF2848E8CDAABE03880A /* Pods-DrawerDemo.debug.xcconfig */ = {isa = PBXFileReference; includeInIndex = 1; lastKnownFileType = text.xcconfig; name = "Pods-DrawerDemo.debug.xcconfig"; path = "Pods/Target Support Files/Pods-DrawerDemo/Pods-DrawerDemo.debug.xcconfig"; sourceTree = "<group>"; };
		DA0A868F1D5AD1BA00861301 /* Define.h */ = {isa = PBXFileReference; fileEncoding = 4; lastKnownFileType = sourcecode.c.h; path = Define.h; sourceTree = "<group>"; };
		DA0C97DF1D59B1DE00C78DD5 /* PrefixHeader.pch */ = {isa = PBXFileReference; lastKnownFileType = sourcecode.c.h; path = PrefixHeader.pch; sourceTree = "<group>"; };
		DA0C97E01D59C64200C78DD5 /* AutoViewController.h */ = {isa = PBXFileReference; fileEncoding = 4; lastKnownFileType = sourcecode.c.h; path = AutoViewController.h; sourceTree = "<group>"; };
		DA0C97E11D59C64200C78DD5 /* AutoViewController.m */ = {isa = PBXFileReference; fileEncoding = 4; lastKnownFileType = sourcecode.c.objc; path = AutoViewController.m; sourceTree = "<group>"; };
		DA0C97E31D59C72C00C78DD5 /* BaseViewController.h */ = {isa = PBXFileReference; fileEncoding = 4; lastKnownFileType = sourcecode.c.h; path = BaseViewController.h; sourceTree = "<group>"; };
		DA0C97E41D59C72C00C78DD5 /* BaseViewController.m */ = {isa = PBXFileReference; fileEncoding = 4; lastKnownFileType = sourcecode.c.objc; path = BaseViewController.m; sourceTree = "<group>"; };
		DA0C97E61D59C83900C78DD5 /* HPViewController.h */ = {isa = PBXFileReference; fileEncoding = 4; lastKnownFileType = sourcecode.c.h; path = HPViewController.h; sourceTree = "<group>"; };
		DA0C97E71D59C83900C78DD5 /* HPViewController.m */ = {isa = PBXFileReference; fileEncoding = 4; lastKnownFileType = sourcecode.c.objc; path = HPViewController.m; sourceTree = "<group>"; };
		DA0C97EC1D59D3C300C78DD5 /* zh-Hans */ = {isa = PBXFileReference; lastKnownFileType = text.plist.strings; name = "zh-Hans"; path = "zh-Hans.lproj/Language.strings"; sourceTree = "<group>"; };
		DA0C97EE1D59D3C500C78DD5 /* en */ = {isa = PBXFileReference; lastKnownFileType = text.plist.strings; name = en; path = en.lproj/Language.strings; sourceTree = "<group>"; };
/* End PBXFileReference section */

/* Begin PBXFrameworksBuildPhase section */
		272714001C9BC928000BB800 /* Frameworks */ = {
			isa = PBXFrameworksBuildPhase;
			buildActionMask = 2147483647;
			files = (
				BC2CF2614114380EDB70AD20 /* libPods-DrawerDemo.a in Frameworks */,
			);
			runOnlyForDeploymentPostprocessing = 0;
		};
/* End PBXFrameworksBuildPhase section */

/* Begin PBXGroup section */
		272713FA1C9BC928000BB800 = {
			isa = PBXGroup;
			children = (
				272714051C9BC928000BB800 /* DrawerDemo */,
				272714041C9BC928000BB800 /* Products */,
				CE370AB564A92E25683FF82E /* Pods */,
				83CF1F83A18FB871CE64262E /* Frameworks */,
			);
			sourceTree = "<group>";
		};
		272714041C9BC928000BB800 /* Products */ = {
			isa = PBXGroup;
			children = (
				272714031C9BC928000BB800 /* DrawerDemo.app */,
			);
			name = Products;
			sourceTree = "<group>";
		};
		272714051C9BC928000BB800 /* DrawerDemo */ = {
			isa = PBXGroup;
			children = (
				DA0A868F1D5AD1BA00861301 /* Define.h */,
				27806BF41C9BDDEF00C52413 /* MMExampleDrawerVisualStateManager.h */,
				27806BF31C9BDDEF00C52413 /* MMExampleDrawerVisualStateManager.m */,
				27806BF91C9BF47800C52413 /* MMNavigationController.h */,
				27806BFA1C9BF47800C52413 /* MMNavigationController.m */,
				272714091C9BC928000BB800 /* AppDelegate.h */,
				2727140A1C9BC928000BB800 /* AppDelegate.m */,
				DA0C97E31D59C72C00C78DD5 /* BaseViewController.h */,
				DA0C97E41D59C72C00C78DD5 /* BaseViewController.m */,
				2727141D1C9BCDB2000BB800 /* LeftViewController.h */,
				2727141E1C9BCDB2000BB800 /* LeftViewController.m */,
				DA0C97E01D59C64200C78DD5 /* AutoViewController.h */,
				DA0C97E11D59C64200C78DD5 /* AutoViewController.m */,
				DA0C97E61D59C83900C78DD5 /* HPViewController.h */,
				DA0C97E71D59C83900C78DD5 /* HPViewController.m */,
				2727140F1C9BC928000BB800 /* Main.storyboard */,
				272714121C9BC928000BB800 /* Assets.xcassets */,
				272714141C9BC928000BB800 /* LaunchScreen.storyboard */,
				272714171C9BC928000BB800 /* Info.plist */,
				272714061C9BC928000BB800 /* Supporting Files */,
			);
			path = DrawerDemo;
			sourceTree = "<group>";
		};
		272714061C9BC928000BB800 /* Supporting Files */ = {
			isa = PBXGroup;
			children = (
				272714071C9BC928000BB800 /* main.m */,
				DA0C97DF1D59B1DE00C78DD5 /* PrefixHeader.pch */,
				DA0C97ED1D59D3C300C78DD5 /* Language.strings */,
			);
			name = "Supporting Files";
			sourceTree = "<group>";
		};
		83CF1F83A18FB871CE64262E /* Frameworks */ = {
			isa = PBXGroup;
			children = (
				79102A4EC3919E7D8593CDB4 /* libPods-DrawerDemo.a */,
			);
			name = Frameworks;
			sourceTree = "<group>";
		};
		CE370AB564A92E25683FF82E /* Pods */ = {
			isa = PBXGroup;
			children = (
				8976BF2848E8CDAABE03880A /* Pods-DrawerDemo.debug.xcconfig */,
				2FC123A5CE6952EECF7CDC7F /* Pods-DrawerDemo.release.xcconfig */,
			);
			name = Pods;
			sourceTree = "<group>";
		};
/* End PBXGroup section */

/* Begin PBXNativeTarget section */
		272714021C9BC928000BB800 /* DrawerDemo */ = {
			isa = PBXNativeTarget;
			buildConfigurationList = 2727141A1C9BC928000BB800 /* Build configuration list for PBXNativeTarget "DrawerDemo" */;
			buildPhases = (
				86766D72BD64837D508B5D75 /* [CP] Check Pods Manifest.lock */,
				272713FF1C9BC928000BB800 /* Sources */,
				272714001C9BC928000BB800 /* Frameworks */,
				272714011C9BC928000BB800 /* Resources */,
				3D0BF22B23930B6DFB94C286 /* [CP] Embed Pods Frameworks */,
				9D72E0D3C4256E7F341BC8FD /* [CP] Copy Pods Resources */,
			);
			buildRules = (
			);
			dependencies = (
			);
			name = DrawerDemo;
			productName = DrawerDemo;
			productReference = 272714031C9BC928000BB800 /* DrawerDemo.app */;
			productType = "com.apple.product-type.application";
		};
/* End PBXNativeTarget section */

/* Begin PBXProject section */
		272713FB1C9BC928000BB800 /* Project object */ = {
			isa = PBXProject;
			attributes = {
				LastUpgradeCheck = 0720;
				ORGANIZATIONNAME = weiwend;
				TargetAttributes = {
					272714021C9BC928000BB800 = {
						CreatedOnToolsVersion = 7.2.1;
					};
				};
			};
			buildConfigurationList = 272713FE1C9BC928000BB800 /* Build configuration list for PBXProject "DrawerDemo" */;
			compatibilityVersion = "Xcode 3.2";
			developmentRegion = English;
			hasScannedForEncodings = 0;
			knownRegions = (
				en,
				Base,
				"zh-Hans",
			);
			mainGroup = 272713FA1C9BC928000BB800;
			productRefGroup = 272714041C9BC928000BB800 /* Products */;
			projectDirPath = "";
			projectRoot = "";
			targets = (
				272714021C9BC928000BB800 /* DrawerDemo */,
			);
		};
/* End PBXProject section */

/* Begin PBXResourcesBuildPhase section */
		272714011C9BC928000BB800 /* Resources */ = {
			isa = PBXResourcesBuildPhase;
			buildActionMask = 2147483647;
			files = (
				DA0C97EB1D59D3C300C78DD5 /* Language.strings in Resources */,
				272714161C9BC928000BB800 /* LaunchScreen.storyboard in Resources */,
				272714131C9BC928000BB800 /* Assets.xcassets in Resources */,
				272714111C9BC928000BB800 /* Main.storyboard in Resources */,
			);
			runOnlyForDeploymentPostprocessing = 0;
		};
/* End PBXResourcesBuildPhase section */

/* Begin PBXShellScriptBuildPhase section */
		3D0BF22B23930B6DFB94C286 /* [CP] Embed Pods Frameworks */ = {
			isa = PBXShellScriptBuildPhase;
			buildActionMask = 2147483647;
			files = (
			);
			inputPaths = (
			);
			name = "[CP] Embed Pods Frameworks";
			outputPaths = (
			);
			runOnlyForDeploymentPostprocessing = 0;
			shellPath = /bin/sh;
			shellScript = "\"${SRCROOT}/Pods/Target Support Files/Pods-DrawerDemo/Pods-DrawerDemo-frameworks.sh\"\n";
			showEnvVarsInLog = 0;
		};
		86766D72BD64837D508B5D75 /* [CP] Check Pods Manifest.lock */ = {
			isa = PBXShellScriptBuildPhase;
			buildActionMask = 2147483647;
			files = (
			);
			inputPaths = (
			);
			name = "[CP] Check Pods Manifest.lock";
			outputPaths = (
			);
			runOnlyForDeploymentPostprocessing = 0;
			shellPath = /bin/sh;
			shellScript = "diff \"${PODS_ROOT}/../Podfile.lock\" \"${PODS_ROOT}/Manifest.lock\" > /dev/null\nif [[ $? != 0 ]] ; then\n    cat << EOM\nerror: The sandbox is not in sync with the Podfile.lock. Run 'pod install' or update your CocoaPods installation.\nEOM\n    exit 1\nfi\n";
			showEnvVarsInLog = 0;
		};
		9D72E0D3C4256E7F341BC8FD /* [CP] Copy Pods Resources */ = {
			isa = PBXShellScriptBuildPhase;
			buildActionMask = 2147483647;
			files = (
			);
			inputPaths = (
			);
			name = "[CP] Copy Pods Resources";
			outputPaths = (
			);
			runOnlyForDeploymentPostprocessing = 0;
			shellPath = /bin/sh;
			shellScript = "\"${SRCROOT}/Pods/Target Support Files/Pods-DrawerDemo/Pods-DrawerDemo-resources.sh\"\n";
			showEnvVarsInLog = 0;
		};
/* End PBXShellScriptBuildPhase section */

/* Begin PBXSourcesBuildPhase section */
		272713FF1C9BC928000BB800 /* Sources */ = {
			isa = PBXSourcesBuildPhase;
			buildActionMask = 2147483647;
			files = (
				DA0C97E81D59C83900C78DD5 /* HPViewController.m in Sources */,
				27806BFB1C9BF47800C52413 /* MMNavigationController.m in Sources */,
				DA0C97E51D59C72C00C78DD5 /* BaseViewController.m in Sources */,
				27806BF51C9BDDEF00C52413 /* MMExampleDrawerVisualStateManager.m in Sources */,
				2727141F1C9BCDB2000BB800 /* LeftViewController.m in Sources */,
				2727140B1C9BC928000BB800 /* AppDelegate.m in Sources */,
				272714081C9BC928000BB800 /* main.m in Sources */,
				DA0C97E21D59C64200C78DD5 /* AutoViewController.m in Sources */,
			);
			runOnlyForDeploymentPostprocessing = 0;
		};
/* End PBXSourcesBuildPhase section */

/* Begin PBXVariantGroup section */
		2727140F1C9BC928000BB800 /* Main.storyboard */ = {
			isa = PBXVariantGroup;
			children = (
				272714101C9BC928000BB800 /* Base */,
			);
			name = Main.storyboard;
			sourceTree = "<group>";
		};
		272714141C9BC928000BB800 /* LaunchScreen.storyboard */ = {
			isa = PBXVariantGroup;
			children = (
				272714151C9BC928000BB800 /* Base */,
			);
			name = LaunchScreen.storyboard;
			sourceTree = "<group>";
		};
		DA0C97ED1D59D3C300C78DD5 /* Language.strings */ = {
			isa = PBXVariantGroup;
			children = (
				DA0C97EC1D59D3C300C78DD5 /* zh-Hans */,
				DA0C97EE1D59D3C500C78DD5 /* en */,
			);
			name = Language.strings;
			sourceTree = "<group>";
		};
/* End PBXVariantGroup section */

/* Begin XCBuildConfiguration section */
		272714181C9BC928000BB800 /* Debug */ = {
			isa = XCBuildConfiguration;
			buildSettings = {
				ALWAYS_SEARCH_USER_PATHS = NO;
				CLANG_CXX_LANGUAGE_STANDARD = "gnu++0x";
				CLANG_CXX_LIBRARY = "libc++";
				CLANG_ENABLE_MODULES = YES;
				CLANG_ENABLE_OBJC_ARC = YES;
				CLANG_WARN_BOOL_CONVERSION = YES;
				CLANG_WARN_CONSTANT_CONVERSION = YES;
				CLANG_WARN_DIRECT_OBJC_ISA_USAGE = YES_ERROR;
				CLANG_WARN_EMPTY_BODY = YES;
				CLANG_WARN_ENUM_CONVERSION = YES;
				CLANG_WARN_INT_CONVERSION = YES;
				CLANG_WARN_OBJC_ROOT_CLASS = YES_ERROR;
				CLANG_WARN_UNREACHABLE_CODE = YES;
				CLANG_WARN__DUPLICATE_METHOD_MATCH = YES;
				"CODE_SIGN_IDENTITY[sdk=iphoneos*]" = "iPhone Developer";
				COPY_PHASE_STRIP = NO;
				DEBUG_INFORMATION_FORMAT = dwarf;
				ENABLE_STRICT_OBJC_MSGSEND = YES;
				ENABLE_TESTABILITY = YES;
				GCC_C_LANGUAGE_STANDARD = gnu99;
				GCC_DYNAMIC_NO_PIC = NO;
				GCC_NO_COMMON_BLOCKS = YES;
				GCC_OPTIMIZATION_LEVEL = 0;
				GCC_PREPROCESSOR_DEFINITIONS = (
					"DEBUG=1",
					"$(inherited)",
				);
				GCC_WARN_64_TO_32_BIT_CONVERSION = YES;
				GCC_WARN_ABOUT_RETURN_TYPE = YES_ERROR;
				GCC_WARN_UNDECLARED_SELECTOR = YES;
				GCC_WARN_UNINITIALIZED_AUTOS = YES_AGGRESSIVE;
				GCC_WARN_UNUSED_FUNCTION = YES;
				GCC_WARN_UNUSED_VARIABLE = YES;
				IPHONEOS_DEPLOYMENT_TARGET = 9.2;
				MTL_ENABLE_DEBUG_INFO = YES;
				ONLY_ACTIVE_ARCH = YES;
				SDKROOT = iphoneos;
			};
			name = Debug;
		};
		272714191C9BC928000BB800 /* Release */ = {
			isa = XCBuildConfiguration;
			buildSettings = {
				ALWAYS_SEARCH_USER_PATHS = NO;
				CLANG_CXX_LANGUAGE_STANDARD = "gnu++0x";
				CLANG_CXX_LIBRARY = "libc++";
				CLANG_ENABLE_MODULES = YES;
				CLANG_ENABLE_OBJC_ARC = YES;
				CLANG_WARN_BOOL_CONVERSION = YES;
				CLANG_WARN_CONSTANT_CONVERSION = YES;
				CLANG_WARN_DIRECT_OBJC_ISA_USAGE = YES_ERROR;
				CLANG_WARN_EMPTY_BODY = YES;
				CLANG_WARN_ENUM_CONVERSION = YES;
				CLANG_WARN_INT_CONVERSION = YES;
				CLANG_WARN_OBJC_ROOT_CLASS = YES_ERROR;
				CLANG_WARN_UNREACHABLE_CODE = YES;
				CLANG_WARN__DUPLICATE_METHOD_MATCH = YES;
				"CODE_SIGN_IDENTITY[sdk=iphoneos*]" = "iPhone Developer";
				COPY_PHASE_STRIP = NO;
				DEBUG_INFORMATION_FORMAT = "dwarf-with-dsym";
				ENABLE_NS_ASSERTIONS = NO;
				ENABLE_STRICT_OBJC_MSGSEND = YES;
				GCC_C_LANGUAGE_STANDARD = gnu99;
				GCC_NO_COMMON_BLOCKS = YES;
				GCC_WARN_64_TO_32_BIT_CONVERSION = YES;
				GCC_WARN_ABOUT_RETURN_TYPE = YES_ERROR;
				GCC_WARN_UNDECLARED_SELECTOR = YES;
				GCC_WARN_UNINITIALIZED_AUTOS = YES_AGGRESSIVE;
				GCC_WARN_UNUSED_FUNCTION = YES;
				GCC_WARN_UNUSED_VARIABLE = YES;
				IPHONEOS_DEPLOYMENT_TARGET = 9.2;
				MTL_ENABLE_DEBUG_INFO = NO;
				SDKROOT = iphoneos;
				VALIDATE_PRODUCT = YES;
			};
			name = Release;
		};
		2727141B1C9BC928000BB800 /* Debug */ = {
			isa = XCBuildConfiguration;
			baseConfigurationReference = 8976BF2848E8CDAABE03880A /* Pods-DrawerDemo.debug.xcconfig */;
			buildSettings = {
				ASSETCATALOG_COMPILER_APPICON_NAME = AppIcon;
				GCC_PREFIX_HEADER = "$(SRCROOT)/DrawerDemo/PrefixHeader.pch";
				INFOPLIST_FILE = DrawerDemo/Info.plist;
				LD_RUNPATH_SEARCH_PATHS = "$(inherited) @executable_path/Frameworks";
				PRODUCT_BUNDLE_IDENTIFIER = com.weiwend.DrawerDemo;
				PRODUCT_NAME = "$(TARGET_NAME)";
			};
			name = Debug;
		};
		2727141C1C9BC928000BB800 /* Release */ = {
			isa = XCBuildConfiguration;
			baseConfigurationReference = 2FC123A5CE6952EECF7CDC7F /* Pods-DrawerDemo.release.xcconfig */;
			buildSettings = {
				ASSETCATALOG_COMPILER_APPICON_NAME = AppIcon;
				GCC_PREFIX_HEADER = "$(SRCROOT)/DrawerDemo/PrefixHeader.pch";
				INFOPLIST_FILE = DrawerDemo/Info.plist;
				LD_RUNPATH_SEARCH_PATHS = "$(inherited) @executable_path/Frameworks";
				PRODUCT_BUNDLE_IDENTIFIER = com.weiwend.DrawerDemo;
				PRODUCT_NAME = "$(TARGET_NAME)";
			};
			name = Release;
		};
/* End XCBuildConfiguration section */

/* Begin XCConfigurationList section */
		272713FE1C9BC928000BB800 /* Build configuration list for PBXProject "DrawerDemo" */ = {
			isa = XCConfigurationList;
			buildConfigurations = (
				272714181C9BC928000BB800 /* Debug */,
				272714191C9BC928000BB800 /* Release */,
			);
			defaultConfigurationIsVisible = 0;
			defaultConfigurationName = Release;
		};
		2727141A1C9BC928000BB800 /* Build configuration list for PBXNativeTarget "DrawerDemo" */ = {
			isa = XCConfigurationList;
			buildConfigurations = (
				2727141B1C9BC928000BB800 /* Debug */,
				2727141C1C9BC928000BB800 /* Release */,
			);
			defaultConfigurationIsVisible = 0;
			defaultConfigurationName = Release;
		};
/* End XCConfigurationList section */
	};
	rootObject = 272713FB1C9BC928000BB800 /* Project object */;
}
